// !$*UTF8*$!
{
	archiveVersion = 1;
	classes = {
	};
	objectVersion = 77;
	objects = {

/* Begin PBXBuildFile section */
		12AC6568B7BE46C21357FD62 /* Conversation.swift in Sources */ = {isa = PBXBuildFile; fileRef = B97A3099DCC2211F043E4378 /* Conversation.swift */; };
		138274F242431F46D9EC58BC /* Core.swift in Sources */ = {isa = PBXBuildFile; fileRef = 9BE7398ECA365F5138E806E8 /* Core.swift */; };
		176817B1CC643E75A47277CF /* OllamaProvider.swift in Sources */ = {isa = PBXBuildFile; fileRef = C046215F215DF0CC1686F1E2 /* OllamaProvider.swift */; };
		2D67060156F6DFB6F4D3D213 /* SSEParser.swift in Sources */ = {isa = PBXBuildFile; fileRef = F231B04B4566BB6105DC1EF3 /* SSEParser.swift */; };
		3183C907BBD4A99B13E5860E /* LMStudioProvider.swift in Sources */ = {isa = PBXBuildFile; fileRef = 620D068C128C9FFFC32B6336 /* LMStudioProvider.swift */; };
		384F5E913BAC76779908249D /* ShortcutRecorder.swift in Sources */ = {isa = PBXBuildFile; fileRef = 9D5211EC914BE4690C2B0B08 /* ShortcutRecorder.swift */; };
		3A2315D8420B21073E77E050 /* MenuBarController.swift in Sources */ = {isa = PBXBuildFile; fileRef = 19C0373720418992928F49D9 /* MenuBarController.swift */; };
		3A7E81D537E5BBC514258A44 /* AppSettings.swift in Sources */ = {isa = PBXBuildFile; fileRef = BAE50E7AB714973948F3E0EC /* AppSettings.swift */; };
		3C06D6B52570FFC14F0A603F /* ConversationListView.swift in Sources */ = {isa = PBXBuildFile; fileRef = E30C2ABA14D6698C7823FE00 /* ConversationListView.swift */; };
		3C5D3117BD832A5CD671A136 /* MessageMapping.swift in Sources */ = {isa = PBXBuildFile; fileRef = B7D70134980544BF9B4F6E55 /* MessageMapping.swift */; };
		41F8A003E2E8B428D0D9168B /* MacLMAgentTests.swift in Sources */ = {isa = PBXBuildFile; fileRef = 6C8CDD0C4EBC99C3DEE75DCC /* MacLMAgentTests.swift */; };
		44F880C8272BAE2B0725D44F /* KeychainService.swift in Sources */ = {isa = PBXBuildFile; fileRef = 628C0E0AE27881D1D6ED3CD7 /* KeychainService.swift */; };
		46FD7E639CF55D3CAAA97694 /* ChatViewModel.swift in Sources */ = {isa = PBXBuildFile; fileRef = 7E7D928A7CF4B09DF30D6FA8 /* ChatViewModel.swift */; };
		4CDE003C80F81E2CA4706DC4 /* ToolTests.swift in Sources */ = {isa = PBXBuildFile; fileRef = 7C508F8649E5A34F5599F4D9 /* ToolTests.swift */; };
		58E9F2D5AEC5478BF5F64E16 /* Security.swift in Sources */ = {isa = PBXBuildFile; fileRef = 171819761DB744C3E56AA499 /* Security.swift */; };
		5ED7B1E478F2AF9F749B6754 /* ConfirmationCard.swift in Sources */ = {isa = PBXBuildFile; fileRef = ABADBD1A85FF4C5A0371B282 /* ConfirmationCard.swift */; };
		679FFE74EB7C0310E64B88CE /* DeleteFileTool.swift in Sources */ = {isa = PBXBuildFile; fileRef = 85C908B3755176AE72C5E947 /* DeleteFileTool.swift */; };
		6817FAC2C12373063F0B5847 /* MacLMAgentApp.swift in Sources */ = {isa = PBXBuildFile; fileRef = 93644C8336FE627BD3F3F299 /* MacLMAgentApp.swift */; };
		6950722B70EFD7EA0714D8C9 /* ReadFileTool.swift in Sources */ = {isa = PBXBuildFile; fileRef = A0E1EF7838811397B8E119DB /* ReadFileTool.swift */; };
		6A982E8440A3122D91552129 /* ProviderCoordinator.swift in Sources */ = {isa = PBXBuildFile; fileRef = 92A7AB91B2BE3F44707A2F97 /* ProviderCoordinator.swift */; };
		6F60B04E7ADF497A05B2A9E6 /* LLM.swift in Sources */ = {isa = PBXBuildFile; fileRef = 8E227070DA0FE5685CC90F62 /* LLM.swift */; };
		71BC198CAF60C144414AC111 /* ToolCallCard.swift in Sources */ = {isa = PBXBuildFile; fileRef = 1AF89DD40946291B82206243 /* ToolCallCard.swift */; };
		7D58DF163D482818E25D28E9 /* Tools.swift in Sources */ = {isa = PBXBuildFile; fileRef = 37F5F94DD0C6655E0949B69B /* Tools.swift */; };
		7F978E119186397F41476F03 /* Security.framework in Frameworks */ = {isa = PBXBuildFile; fileRef = 03385E835E680CDDF7566DED /* Security.framework */; };
		A5EE8B4368EB065F03A68BA2 /* ProviderDiscovery.swift in Sources */ = {isa = PBXBuildFile; fileRef = 68B011F71E42B85FCE11DCAC /* ProviderDiscovery.swift */; };
		A95A7A3DFD60902F9FD81BBA /* SettingsView.swift in Sources */ = {isa = PBXBuildFile; fileRef = C91D73A066E7938684668328 /* SettingsView.swift */; };
		AAE87B1298940E3657B6AFFC /* MoveFileTool.swift in Sources */ = {isa = PBXBuildFile; fileRef = 114BE49C5E20E1D4EA612B30 /* MoveFileTool.swift */; };
		B16BD1CC511C60DD2450E786 /* RunShellTool.swift in Sources */ = {isa = PBXBuildFile; fileRef = D14B77D4CFDA3E258F60BBD0 /* RunShellTool.swift */; };
		B21AEBEBCBAF4068D72D1679 /* Message.swift in Sources */ = {isa = PBXBuildFile; fileRef = BD2A3EE346D287B95D6C981D /* Message.swift */; };
		B3D07CAB2455A6087547D682 /* MainWindowView.swift in Sources */ = {isa = PBXBuildFile; fileRef = A3DF5BCF95C6307A82F1856E /* MainWindowView.swift */; };
		B7BD18EDE8251146330C5D7B /* ChatView.swift in Sources */ = {isa = PBXBuildFile; fileRef = 85401CE6557E769B5005815D /* ChatView.swift */; };
		BE85E3BE7C17B219EA5655BC /* MenuBarContentView.swift in Sources */ = {isa = PBXBuildFile; fileRef = ED4F0123BC5C7F0347D8D885 /* MenuBarContentView.swift */; };
		C22BDAE553632DD460A719EA /* Carbon.framework in Frameworks */ = {isa = PBXBuildFile; fileRef = 388997488919851EE4EF1465 /* Carbon.framework */; };
		C264F48BDA802C5089481EBA /* WriteFileTool.swift in Sources */ = {isa = PBXBuildFile; fileRef = B218B4009854150B155CF8E9 /* WriteFileTool.swift */; };
		C609D261A9FF69EBF5B398DA /* OllamaNDJSONParser.swift in Sources */ = {isa = PBXBuildFile; fileRef = 6BBC58753B7CA69E1D2F38FA /* OllamaNDJSONParser.swift */; };
		C788174A08732C4A7BB570E4 /* ToolCall.swift in Sources */ = {isa = PBXBuildFile; fileRef = F2C96102770327439C7769C4 /* ToolCall.swift */; };
		D4DE0EBADF9FE06EAF41E4AA /* GlobalHotKey.swift in Sources */ = {isa = PBXBuildFile; fileRef = F385F4BF5D0886C04DCBC378 /* GlobalHotKey.swift */; };
		DE75A0B1D7D6AE027D826951 /* SearchFilesTool.swift in Sources */ = {isa = PBXBuildFile; fileRef = E9936E6A8DD8E2727B4AF0C3 /* SearchFilesTool.swift */; };
		E63A764A0C8B3A38DD60FC37 /* SceneActions.swift in Sources */ = {isa = PBXBuildFile; fileRef = 92F8D00CE9028A5B3792F7EC /* SceneActions.swift */; };
		F043622DF908AD59DAC0AFD3 /* ListDirectoryTool.swift in Sources */ = {isa = PBXBuildFile; fileRef = 1E9505329737F6B909EFA1C7 /* ListDirectoryTool.swift */; };
		F3FEB9EDA77A4A0F318F1307 /* ProviderSettingsView.swift in Sources */ = {isa = PBXBuildFile; fileRef = 34F727917869B9B5C8186223 /* ProviderSettingsView.swift */; };
		F499C7CE035D9C25D609421F /* DangerousToolTests.swift in Sources */ = {isa = PBXBuildFile; fileRef = 53EE6DAD4705F1077DCD7840 /* DangerousToolTests.swift */; };
		FABA11777CBDC7880A0A9346 /* SettingsAndKeychainTests.swift in Sources */ = {isa = PBXBuildFile; fileRef = DFE0E6EB345F3D7151A8998B /* SettingsAndKeychainTests.swift */; };
/* End PBXBuildFile section */

/* Begin PBXContainerItemProxy section */
		D29BBED474FC2C47E0D0E780 /* PBXContainerItemProxy */ = {
			isa = PBXContainerItemProxy;
			containerPortal = 97921582B814E630D1F1C3C2 /* Project object */;
			proxyType = 1;
			remoteGlobalIDString = EA70B72CD2C779E744290EFF;
			remoteInfo = "maclm-agent";
		};
/* End PBXContainerItemProxy section */

/* Begin PBXFileReference section */
		03385E835E680CDDF7566DED /* Security.framework */ = {isa = PBXFileReference; lastKnownFileType = wrapper.framework; name = Security.framework; path = System/Library/Frameworks/Security.framework; sourceTree = SDKROOT; };
		114BE49C5E20E1D4EA612B30 /* MoveFileTool.swift */ = {isa = PBXFileReference; lastKnownFileType = sourcecode.swift; path = MoveFileTool.swift; sourceTree = "<group>"; };
		171819761DB744C3E56AA499 /* Security.swift */ = {isa = PBXFileReference; lastKnownFileType = sourcecode.swift; path = Security.swift; sourceTree = "<group>"; };
		19C0373720418992928F49D9 /* MenuBarController.swift */ = {isa = PBXFileReference; lastKnownFileType = sourcecode.swift; path = MenuBarController.swift; sourceTree = "<group>"; };
		1AF89DD40946291B82206243 /* ToolCallCard.swift */ = {isa = PBXFileReference; lastKnownFileType = sourcecode.swift; path = ToolCallCard.swift; sourceTree = "<group>"; };
		1E9505329737F6B909EFA1C7 /* ListDirectoryTool.swift */ = {isa = PBXFileReference; lastKnownFileType = sourcecode.swift; path = ListDirectoryTool.swift; sourceTree = "<group>"; };
		34F727917869B9B5C8186223 /* ProviderSettingsView.swift */ = {isa = PBXFileReference; lastKnownFileType = sourcecode.swift; path = ProviderSettingsView.swift; sourceTree = "<group>"; };
		37F5F94DD0C6655E0949B69B /* Tools.swift */ = {isa = PBXFileReference; lastKnownFileType = sourcecode.swift; path = Tools.swift; sourceTree = "<group>"; };
		388997488919851EE4EF1465 /* Carbon.framework */ = {isa = PBXFileReference; lastKnownFileType = wrapper.framework; name = Carbon.framework; path = System/Library/Frameworks/Carbon.framework; sourceTree = SDKROOT; };
		53EE6DAD4705F1077DCD7840 /* DangerousToolTests.swift */ = {isa = PBXFileReference; lastKnownFileType = sourcecode.swift; path = DangerousToolTests.swift; sourceTree = "<group>"; };
		620D068C128C9FFFC32B6336 /* LMStudioProvider.swift */ = {isa = PBXFileReference; lastKnownFileType = sourcecode.swift; path = LMStudioProvider.swift; sourceTree = "<group>"; };
		628C0E0AE27881D1D6ED3CD7 /* KeychainService.swift */ = {isa = PBXFileReference; lastKnownFileType = sourcecode.swift; path = KeychainService.swift; sourceTree = "<group>"; };
		68B011F71E42B85FCE11DCAC /* ProviderDiscovery.swift */ = {isa = PBXFileReference; lastKnownFileType = sourcecode.swift; path = ProviderDiscovery.swift; sourceTree = "<group>"; };
		6BBC58753B7CA69E1D2F38FA /* OllamaNDJSONParser.swift */ = {isa = PBXFileReference; lastKnownFileType = sourcecode.swift; path = OllamaNDJSONParser.swift; sourceTree = "<group>"; };
		6C8CDD0C4EBC99C3DEE75DCC /* MacLMAgentTests.swift */ = {isa = PBXFileReference; lastKnownFileType = sourcecode.swift; path = MacLMAgentTests.swift; sourceTree = "<group>"; };
		7C508F8649E5A34F5599F4D9 /* ToolTests.swift */ = {isa = PBXFileReference; lastKnownFileType = sourcecode.swift; path = ToolTests.swift; sourceTree = "<group>"; };
		7E7D928A7CF4B09DF30D6FA8 /* ChatViewModel.swift */ = {isa = PBXFileReference; lastKnownFileType = sourcecode.swift; path = ChatViewModel.swift; sourceTree = "<group>"; };
		85401CE6557E769B5005815D /* ChatView.swift */ = {isa = PBXFileReference; lastKnownFileType = sourcecode.swift; path = ChatView.swift; sourceTree = "<group>"; };
		85C908B3755176AE72C5E947 /* DeleteFileTool.swift */ = {isa = PBXFileReference; lastKnownFileType = sourcecode.swift; path = DeleteFileTool.swift; sourceTree = "<group>"; };
		8E227070DA0FE5685CC90F62 /* LLM.swift */ = {isa = PBXFileReference; lastKnownFileType = sourcecode.swift; path = LLM.swift; sourceTree = "<group>"; };
		919F859F7CCBDD13F7190289 /* maclm-agentTests.xctest */ = {isa = PBXFileReference; explicitFileType = wrapper.cfbundle; includeInIndex = 0; path = "maclm-agentTests.xctest"; sourceTree = BUILT_PRODUCTS_DIR; };
		92A7AB91B2BE3F44707A2F97 /* ProviderCoordinator.swift */ = {isa = PBXFileReference; lastKnownFileType = sourcecode.swift; path = ProviderCoordinator.swift; sourceTree = "<group>"; };
		92F8D00CE9028A5B3792F7EC /* SceneActions.swift */ = {isa = PBXFileReference; lastKnownFileType = sourcecode.swift; path = SceneActions.swift; sourceTree = "<group>"; };
		93644C8336FE627BD3F3F299 /* MacLMAgentApp.swift */ = {isa = PBXFileReference; lastKnownFileType = sourcecode.swift; path = MacLMAgentApp.swift; sourceTree = "<group>"; };
		9BE7398ECA365F5138E806E8 /* Core.swift */ = {isa = PBXFileReference; lastKnownFileType = sourcecode.swift; path = Core.swift; sourceTree = "<group>"; };
		9D5211EC914BE4690C2B0B08 /* ShortcutRecorder.swift */ = {isa = PBXFileReference; lastKnownFileType = sourcecode.swift; path = ShortcutRecorder.swift; sourceTree = "<group>"; };
		A0E1EF7838811397B8E119DB /* ReadFileTool.swift */ = {isa = PBXFileReference; lastKnownFileType = sourcecode.swift; path = ReadFileTool.swift; sourceTree = "<group>"; };
		A3DF5BCF95C6307A82F1856E /* MainWindowView.swift */ = {isa = PBXFileReference; lastKnownFileType = sourcecode.swift; path = MainWindowView.swift; sourceTree = "<group>"; };
		ABADBD1A85FF4C5A0371B282 /* ConfirmationCard.swift */ = {isa = PBXFileReference; lastKnownFileType = sourcecode.swift; path = ConfirmationCard.swift; sourceTree = "<group>"; };
		B218B4009854150B155CF8E9 /* WriteFileTool.swift */ = {isa = PBXFileReference; lastKnownFileType = sourcecode.swift; path = WriteFileTool.swift; sourceTree = "<group>"; };
		B7D70134980544BF9B4F6E55 /* MessageMapping.swift */ = {isa = PBXFileReference; lastKnownFileType = sourcecode.swift; path = MessageMapping.swift; sourceTree = "<group>"; };
		B97A3099DCC2211F043E4378 /* Conversation.swift */ = {isa = PBXFileReference; lastKnownFileType = sourcecode.swift; path = Conversation.swift; sourceTree = "<group>"; };
		BAE50E7AB714973948F3E0EC /* AppSettings.swift */ = {isa = PBXFileReference; lastKnownFileType = sourcecode.swift; path = AppSettings.swift; sourceTree = "<group>"; };
		BD2A3EE346D287B95D6C981D /* Message.swift */ = {isa = PBXFileReference; lastKnownFileType = sourcecode.swift; path = Message.swift; sourceTree = "<group>"; };
		C046215F215DF0CC1686F1E2 /* OllamaProvider.swift */ = {isa = PBXFileReference; lastKnownFileType = sourcecode.swift; path = OllamaProvider.swift; sourceTree = "<group>"; };
		C91D73A066E7938684668328 /* SettingsView.swift */ = {isa = PBXFileReference; lastKnownFileType = sourcecode.swift; path = SettingsView.swift; sourceTree = "<group>"; };
		CDA8F2610510CF65EA77A7ED /* maclm-agent.app */ = {isa = PBXFileReference; explicitFileType = wrapper.application; includeInIndex = 0; path = "maclm-agent.app"; sourceTree = BUILT_PRODUCTS_DIR; };
		D14B77D4CFDA3E258F60BBD0 /* RunShellTool.swift */ = {isa = PBXFileReference; lastKnownFileType = sourcecode.swift; path = RunShellTool.swift; sourceTree = "<group>"; };
		DFE0E6EB345F3D7151A8998B /* SettingsAndKeychainTests.swift */ = {isa = PBXFileReference; lastKnownFileType = sourcecode.swift; path = SettingsAndKeychainTests.swift; sourceTree = "<group>"; };
		E30C2ABA14D6698C7823FE00 /* ConversationListView.swift */ = {isa = PBXFileReference; lastKnownFileType = sourcecode.swift; path = ConversationListView.swift; sourceTree = "<group>"; };
		E9936E6A8DD8E2727B4AF0C3 /* SearchFilesTool.swift */ = {isa = PBXFileReference; lastKnownFileType = sourcecode.swift; path = SearchFilesTool.swift; sourceTree = "<group>"; };
		ED4F0123BC5C7F0347D8D885 /* MenuBarContentView.swift */ = {isa = PBXFileReference; lastKnownFileType = sourcecode.swift; path = MenuBarContentView.swift; sourceTree = "<group>"; };
		F231B04B4566BB6105DC1EF3 /* SSEParser.swift */ = {isa = PBXFileReference; lastKnownFileType = sourcecode.swift; path = SSEParser.swift; sourceTree = "<group>"; };
		F2C96102770327439C7769C4 /* ToolCall.swift */ = {isa = PBXFileReference; lastKnownFileType = sourcecode.swift; path = ToolCall.swift; sourceTree = "<group>"; };
		F385F4BF5D0886C04DCBC378 /* GlobalHotKey.swift */ = {isa = PBXFileReference; lastKnownFileType = sourcecode.swift; path = GlobalHotKey.swift; sourceTree = "<group>"; };
/* End PBXFileReference section */

/* Begin PBXFrameworksBuildPhase section */
		BB626F2528DDA66F33B35382 /* Frameworks */ = {
			isa = PBXFrameworksBuildPhase;
			buildActionMask = 2147483647;
			files = (
				C22BDAE553632DD460A719EA /* Carbon.framework in Frameworks */,
				7F978E119186397F41476F03 /* Security.framework in Frameworks */,
			);
			runOnlyForDeploymentPostprocessing = 0;
		};
/* End PBXFrameworksBuildPhase section */

/* Begin PBXGroup section */
		14A715C7AFEA62107DB6B078 /* UI */ = {
			isa = PBXGroup;
			children = (
				85401CE6557E769B5005815D /* ChatView.swift */,
				ABADBD1A85FF4C5A0371B282 /* ConfirmationCard.swift */,
				E30C2ABA14D6698C7823FE00 /* ConversationListView.swift */,
				A3DF5BCF95C6307A82F1856E /* MainWindowView.swift */,
				ED4F0123BC5C7F0347D8D885 /* MenuBarContentView.swift */,
				34F727917869B9B5C8186223 /* ProviderSettingsView.swift */,
				C91D73A066E7938684668328 /* SettingsView.swift */,
				9D5211EC914BE4690C2B0B08 /* ShortcutRecorder.swift */,
				1AF89DD40946291B82206243 /* ToolCallCard.swift */,
			);
			path = UI;
			sourceTree = "<group>";
		};
		55DF9AB23BCB05B9FC5D29D4 /* App */ = {
			isa = PBXGroup;
			children = (
				F385F4BF5D0886C04DCBC378 /* GlobalHotKey.swift */,
				93644C8336FE627BD3F3F299 /* MacLMAgentApp.swift */,
				19C0373720418992928F49D9 /* MenuBarController.swift */,
				92F8D00CE9028A5B3792F7EC /* SceneActions.swift */,
			);
			path = App;
			sourceTree = "<group>";
		};
		A4B84E5B1258538F3BB69421 = {
			isa = PBXGroup;
			children = (
				C25C30EEEACAE6E37C9DEE66 /* maclm-agent */,
				B73E6A075621A6844E269AF9 /* maclm-agentTests */,
				C2E87E20807169DEE862D66B /* Frameworks */,
				BA90A36D3B97C552F4C44D9A /* Products */,
			);
			sourceTree = "<group>";
		};
		B73E6A075621A6844E269AF9 /* maclm-agentTests */ = {
			isa = PBXGroup;
			children = (
				53EE6DAD4705F1077DCD7840 /* DangerousToolTests.swift */,
				6C8CDD0C4EBC99C3DEE75DCC /* MacLMAgentTests.swift */,
				DFE0E6EB345F3D7151A8998B /* SettingsAndKeychainTests.swift */,
				7C508F8649E5A34F5599F4D9 /* ToolTests.swift */,
			);
			path = "maclm-agentTests";
			sourceTree = "<group>";
		};
		BA90A36D3B97C552F4C44D9A /* Products */ = {
			isa = PBXGroup;
			children = (
				CDA8F2610510CF65EA77A7ED /* maclm-agent.app */,
				919F859F7CCBDD13F7190289 /* maclm-agentTests.xctest */,
			);
			name = Products;
			sourceTree = "<group>";
		};
		C25C30EEEACAE6E37C9DEE66 /* maclm-agent */ = {
			isa = PBXGroup;
			children = (
				55DF9AB23BCB05B9FC5D29D4 /* App */,
				D749ECD0DFD0707430116840 /* Core */,
				CBACBF7CCBDF2426B77355B1 /* LLM */,
				E586733EAD191D400B459995 /* Persistence */,
				F1B48470CB7A8CF669FD470B /* Security */,
				D8E101B8277A7CDD8E8AECBE /* Tools */,
				14A715C7AFEA62107DB6B078 /* UI */,
			);
			path = "maclm-agent";
			sourceTree = "<group>";
		};
		C2E87E20807169DEE862D66B /* Frameworks */ = {
			isa = PBXGroup;
			children = (
				388997488919851EE4EF1465 /* Carbon.framework */,
				03385E835E680CDDF7566DED /* Security.framework */,
			);
			name = Frameworks;
			sourceTree = "<group>";
		};
		CBACBF7CCBDF2426B77355B1 /* LLM */ = {
			isa = PBXGroup;
			children = (
				8E227070DA0FE5685CC90F62 /* LLM.swift */,
				620D068C128C9FFFC32B6336 /* LMStudioProvider.swift */,
				6BBC58753B7CA69E1D2F38FA /* OllamaNDJSONParser.swift */,
				C046215F215DF0CC1686F1E2 /* OllamaProvider.swift */,
				68B011F71E42B85FCE11DCAC /* ProviderDiscovery.swift */,
				F231B04B4566BB6105DC1EF3 /* SSEParser.swift */,
			);
			path = LLM;
			sourceTree = "<group>";
		};
		D749ECD0DFD0707430116840 /* Core */ = {
			isa = PBXGroup;
			children = (
				BAE50E7AB714973948F3E0EC /* AppSettings.swift */,
				7E7D928A7CF4B09DF30D6FA8 /* ChatViewModel.swift */,
				9BE7398ECA365F5138E806E8 /* Core.swift */,
				92A7AB91B2BE3F44707A2F97 /* ProviderCoordinator.swift */,
			);
			path = Core;
			sourceTree = "<group>";
		};
		D8E101B8277A7CDD8E8AECBE /* Tools */ = {
			isa = PBXGroup;
			children = (
				85C908B3755176AE72C5E947 /* DeleteFileTool.swift */,
				1E9505329737F6B909EFA1C7 /* ListDirectoryTool.swift */,
				114BE49C5E20E1D4EA612B30 /* MoveFileTool.swift */,
				A0E1EF7838811397B8E119DB /* ReadFileTool.swift */,
				D14B77D4CFDA3E258F60BBD0 /* RunShellTool.swift */,
				E9936E6A8DD8E2727B4AF0C3 /* SearchFilesTool.swift */,
				37F5F94DD0C6655E0949B69B /* Tools.swift */,
				B218B4009854150B155CF8E9 /* WriteFileTool.swift */,
			);
			path = Tools;
			sourceTree = "<group>";
		};
		E586733EAD191D400B459995 /* Persistence */ = {
			isa = PBXGroup;
			children = (
				B97A3099DCC2211F043E4378 /* Conversation.swift */,
				628C0E0AE27881D1D6ED3CD7 /* KeychainService.swift */,
				BD2A3EE346D287B95D6C981D /* Message.swift */,
				B7D70134980544BF9B4F6E55 /* MessageMapping.swift */,
				F2C96102770327439C7769C4 /* ToolCall.swift */,
			);
			path = Persistence;
			sourceTree = "<group>";
		};
		F1B48470CB7A8CF669FD470B /* Security */ = {
			isa = PBXGroup;
			children = (
				171819761DB744C3E56AA499 /* Security.swift */,
			);
			path = Security;
			sourceTree = "<group>";
		};
/* End PBXGroup section */

/* Begin PBXNativeTarget section */
		9AFAF4E9AAC230AAB081AE6B /* maclm-agentTests */ = {
			isa = PBXNativeTarget;
			buildConfigurationList = 3ECE6AB41519CF34FA77B0ED /* Build configuration list for PBXNativeTarget "maclm-agentTests" */;
			buildPhases = (
				EC4052FA960B1B611322B5D9 /* Sources */,
			);
			buildRules = (
			);
			dependencies = (
				F7D41F82E8EEFCB410C7030B /* PBXTargetDependency */,
			);
			name = "maclm-agentTests";
			packageProductDependencies = (
			);
			productName = "maclm-agentTests";
			productReference = 919F859F7CCBDD13F7190289 /* maclm-agentTests.xctest */;
			productType = "com.apple.product-type.bundle.unit-test";
		};
		EA70B72CD2C779E744290EFF /* maclm-agent */ = {
			isa = PBXNativeTarget;
			buildConfigurationList = 2B054F9D1268238D33041F23 /* Build configuration list for PBXNativeTarget "maclm-agent" */;
			buildPhases = (
				611872DDE5E0F74F5755CE0B /* Sources */,
				BB626F2528DDA66F33B35382 /* Frameworks */,
			);
			buildRules = (
			);
			dependencies = (
			);
			name = "maclm-agent";
			packageProductDependencies = (
			);
			productName = "maclm-agent";
			productReference = CDA8F2610510CF65EA77A7ED /* maclm-agent.app */;
			productType = "com.apple.product-type.application";
		};
/* End PBXNativeTarget section */

/* Begin PBXProject section */
		97921582B814E630D1F1C3C2 /* Project object */ = {
			isa = PBXProject;
			attributes = {
				BuildIndependentTargetsInParallel = YES;
				LastUpgradeCheck = 1600;
				TargetAttributes = {
					EA70B72CD2C779E744290EFF = {
						ProvisioningStyle = Automatic;
					};
				};
			};
			buildConfigurationList = AECE2072A157A9CDC82C2977 /* Build configuration list for PBXProject "maclm-agent" */;
			developmentRegion = en;
			hasScannedForEncodings = 0;
			knownRegions = (
				Base,
				en,
			);
			mainGroup = A4B84E5B1258538F3BB69421;
			minimizedProjectReferenceProxies = 1;
			preferredProjectObjectVersion = 77;
			productRefGroup = BA90A36D3B97C552F4C44D9A /* Products */;
			projectDirPath = "";
			projectRoot = "";
			targets = (
				EA70B72CD2C779E744290EFF /* maclm-agent */,
				9AFAF4E9AAC230AAB081AE6B /* maclm-agentTests */,
			);
		};
/* End PBXProject section */

/* Begin PBXSourcesBuildPhase section */
		611872DDE5E0F74F5755CE0B /* Sources */ = {
			isa = PBXSourcesBuildPhase;
			buildActionMask = 2147483647;
			files = (
				3A7E81D537E5BBC514258A44 /* AppSettings.swift in Sources */,
				B7BD18EDE8251146330C5D7B /* ChatView.swift in Sources */,
				46FD7E639CF55D3CAAA97694 /* ChatViewModel.swift in Sources */,
				5ED7B1E478F2AF9F749B6754 /* ConfirmationCard.swift in Sources */,
				12AC6568B7BE46C21357FD62 /* Conversation.swift in Sources */,
				3C06D6B52570FFC14F0A603F /* ConversationListView.swift in Sources */,
				138274F242431F46D9EC58BC /* Core.swift in Sources */,
				679FFE74EB7C0310E64B88CE /* DeleteFileTool.swift in Sources */,
				D4DE0EBADF9FE06EAF41E4AA /* GlobalHotKey.swift in Sources */,
				44F880C8272BAE2B0725D44F /* KeychainService.swift in Sources */,
				6F60B04E7ADF497A05B2A9E6 /* LLM.swift in Sources */,
				3183C907BBD4A99B13E5860E /* LMStudioProvider.swift in Sources */,
				F043622DF908AD59DAC0AFD3 /* ListDirectoryTool.swift in Sources */,
				6817FAC2C12373063F0B5847 /* MacLMAgentApp.swift in Sources */,
				B3D07CAB2455A6087547D682 /* MainWindowView.swift in Sources */,
				BE85E3BE7C17B219EA5655BC /* MenuBarContentView.swift in Sources */,
				3A2315D8420B21073E77E050 /* MenuBarController.swift in Sources */,
				B21AEBEBCBAF4068D72D1679 /* Message.swift in Sources */,
				3C5D3117BD832A5CD671A136 /* MessageMapping.swift in Sources */,
				AAE87B1298940E3657B6AFFC /* MoveFileTool.swift in Sources */,
				C609D261A9FF69EBF5B398DA /* OllamaNDJSONParser.swift in Sources */,
				176817B1CC643E75A47277CF /* OllamaProvider.swift in Sources */,
				6A982E8440A3122D91552129 /* ProviderCoordinator.swift in Sources */,
				A5EE8B4368EB065F03A68BA2 /* ProviderDiscovery.swift in Sources */,
				F3FEB9EDA77A4A0F318F1307 /* ProviderSettingsView.swift in Sources */,
				6950722B70EFD7EA0714D8C9 /* ReadFileTool.swift in Sources */,
				B16BD1CC511C60DD2450E786 /* RunShellTool.swift in Sources */,
				2D67060156F6DFB6F4D3D213 /* SSEParser.swift in Sources */,
				E63A764A0C8B3A38DD60FC37 /* SceneActions.swift in Sources */,
				DE75A0B1D7D6AE027D826951 /* SearchFilesTool.swift in Sources */,
				58E9F2D5AEC5478BF5F64E16 /* Security.swift in Sources */,
				A95A7A3DFD60902F9FD81BBA /* SettingsView.swift in Sources */,
				384F5E913BAC76779908249D /* ShortcutRecorder.swift in Sources */,
				C788174A08732C4A7BB570E4 /* ToolCall.swift in Sources */,
				71BC198CAF60C144414AC111 /* ToolCallCard.swift in Sources */,
				7D58DF163D482818E25D28E9 /* Tools.swift in Sources */,
				C264F48BDA802C5089481EBA /* WriteFileTool.swift in Sources */,
			);
			runOnlyForDeploymentPostprocessing = 0;
		};
		EC4052FA960B1B611322B5D9 /* Sources */ = {
			isa = PBXSourcesBuildPhase;
			buildActionMask = 2147483647;
			files = (
				F499C7CE035D9C25D609421F /* DangerousToolTests.swift in Sources */,
				41F8A003E2E8B428D0D9168B /* MacLMAgentTests.swift in Sources */,
				FABA11777CBDC7880A0A9346 /* SettingsAndKeychainTests.swift in Sources */,
				4CDE003C80F81E2CA4706DC4 /* ToolTests.swift in Sources */,
			);
			runOnlyForDeploymentPostprocessing = 0;
		};
/* End PBXSourcesBuildPhase section */

/* Begin PBXTargetDependency section */
		F7D41F82E8EEFCB410C7030B /* PBXTargetDependency */ = {
			isa = PBXTargetDependency;
			target = EA70B72CD2C779E744290EFF /* maclm-agent */;
			targetProxy = D29BBED474FC2C47E0D0E780 /* PBXContainerItemProxy */;
		};
/* End PBXTargetDependency section */

/* Begin XCBuildConfiguration section */
		4285AE8180601C8E50612844 /* Release */ = {
			isa = XCBuildConfiguration;
			buildSettings = {
				BUNDLE_LOADER = "$(TEST_HOST)";
				COMBINE_HIDPI_IMAGES = YES;
				GENERATE_INFOPLIST_FILE = YES;
				LD_RUNPATH_SEARCH_PATHS = (
					"$(inherited)",
					"@executable_path/../Frameworks",
					"@loader_path/../Frameworks",
				);
				PRODUCT_BUNDLE_IDENTIFIER = "local.maclm-agentTests";
				SDKROOT = macosx;
				SWIFT_VERSION = 6.0;
				TEST_HOST = "$(BUILT_PRODUCTS_DIR)/maclm-agent.app/Contents/MacOS/maclm-agent";
			};
			name = Release;
		};
		692684D8AE0036EA386BC9B5 /* Release */ = {
			isa = XCBuildConfiguration;
			buildSettings = {
				ALWAYS_SEARCH_USER_PATHS = NO;
				ARCHS = arm64;
				CLANG_ANALYZER_NONNULL = YES;
				CLANG_ANALYZER_NUMBER_OBJECT_CONVERSION = YES_AGGRESSIVE;
				CLANG_CXX_LANGUAGE_STANDARD = "gnu++14";
				CLANG_CXX_LIBRARY = "libc++";
				CLANG_ENABLE_MODULES = YES;
				CLANG_ENABLE_OBJC_ARC = YES;
				CLANG_ENABLE_OBJC_WEAK = YES;
				CLANG_WARN_BLOCK_CAPTURE_AUTORELEASING = YES;
				CLANG_WARN_BOOL_CONVERSION = YES;
				CLANG_WARN_COMMA = YES;
				CLANG_WARN_CONSTANT_CONVERSION = YES;
				CLANG_WARN_DEPRECATED_OBJC_IMPLEMENTATIONS = YES;
				CLANG_WARN_DIRECT_OBJC_ISA_USAGE = YES_ERROR;
				CLANG_WARN_DOCUMENTATION_COMMENTS = YES;
				CLANG_WARN_EMPTY_BODY = YES;
				CLANG_WARN_ENUM_CONVERSION = YES;
				CLANG_WARN_INFINITE_RECURSION = YES;
				CLANG_WARN_INT_CONVERSION = YES;
				CLANG_WARN_NON_LITERAL_NULL_CONVERSION = YES;
				CLANG_WARN_OBJC_IMPLICIT_RETAIN_SELF = YES;
				CLANG_WARN_OBJC_LITERAL_CONVERSION = YES;
				CLANG_WARN_OBJC_ROOT_CLASS = YES_ERROR;
				CLANG_WARN_QUOTED_INCLUDE_IN_FRAMEWORK_HEADER = YES;
				CLANG_WARN_RANGE_LOOP_ANALYSIS = YES;
				CLANG_WARN_STRICT_PROTOTYPES = YES;
				CLANG_WARN_SUSPICIOUS_MOVE = YES;
				CLANG_WARN_UNGUARDED_AVAILABILITY = YES_AGGRESSIVE;
				CLANG_WARN_UNREACHABLE_CODE = YES;
				CLANG_WARN__DUPLICATE_METHOD_MATCH = YES;
				COPY_PHASE_STRIP = NO;
				DEBUG_INFORMATION_FORMAT = "dwarf-with-dsym";
				ENABLE_NS_ASSERTIONS = NO;
				ENABLE_STRICT_OBJC_MSGSEND = YES;
				GCC_C_LANGUAGE_STANDARD = gnu11;
				GCC_NO_COMMON_BLOCKS = YES;
				GCC_WARN_64_TO_32_BIT_CONVERSION = YES;
				GCC_WARN_ABOUT_RETURN_TYPE = YES_ERROR;
				GCC_WARN_UNDECLARED_SELECTOR = YES;
				GCC_WARN_UNINITIALIZED_AUTOS = YES_AGGRESSIVE;
				GCC_WARN_UNUSED_FUNCTION = YES;
				GCC_WARN_UNUSED_VARIABLE = YES;
				MACOSX_DEPLOYMENT_TARGET = 15.0;
				MTL_ENABLE_DEBUG_INFO = NO;
				MTL_FAST_MATH = YES;
				PRODUCT_NAME = "$(TARGET_NAME)";
				SDKROOT = macosx;
				SWIFT_COMPILATION_MODE = wholemodule;
				SWIFT_OPTIMIZATION_LEVEL = "-O";
				SWIFT_VERSION = 6.0;
			};
			name = Release;
		};
		6A67565428350D850E01548C /* Release */ = {
			isa = XCBuildConfiguration;
			buildSettings = {
				ASSETCATALOG_COMPILER_APPICON_NAME = AppIcon;
				CODE_SIGN_STYLE = Automatic;
				COMBINE_HIDPI_IMAGES = YES;
				CURRENT_PROJECT_VERSION = 1;
				ENABLE_APP_SANDBOX = NO;
				ENABLE_HARDENED_RUNTIME = YES;
				GENERATE_INFOPLIST_FILE = YES;
				INFOPLIST_KEY_LSApplicationCategoryType = "public.app-category.productivity";
				LD_RUNPATH_SEARCH_PATHS = (
					"$(inherited)",
					"@executable_path/../Frameworks",
				);
				MARKETING_VERSION = 0.1.7;
				PRODUCT_BUNDLE_IDENTIFIER = "local.maclm-agent";
				PRODUCT_NAME = "maclm-agent";
				SDKROOT = macosx;
				SWIFT_EMIT_LOC_STRINGS = YES;
			};
			name = Release;
		};
		BE60DA13DA3CB4EA432B8762 /* Debug */ = {
			isa = XCBuildConfiguration;
			buildSettings = {
				ASSETCATALOG_COMPILER_APPICON_NAME = AppIcon;
				CODE_SIGN_STYLE = Automatic;
				COMBINE_HIDPI_IMAGES = YES;
				CURRENT_PROJECT_VERSION = 1;
				ENABLE_APP_SANDBOX = NO;
				ENABLE_HARDENED_RUNTIME = YES;
				GENERATE_INFOPLIST_FILE = YES;
				INFOPLIST_KEY_LSApplicationCategoryType = "public.app-category.productivity";
				LD_RUNPATH_SEARCH_PATHS = (
					"$(inherited)",
					"@executable_path/../Frameworks",
				);
				MARKETING_VERSION = 0.1.7;
				PRODUCT_BUNDLE_IDENTIFIER = "local.maclm-agent";
				PRODUCT_NAME = "maclm-agent";
				SDKROOT = macosx;
				SWIFT_EMIT_LOC_STRINGS = YES;
			};
			name = Debug;
		};
		CEFB6042D78A64AA0F078E0D /* Debug */ = {
			isa = XCBuildConfiguration;
			buildSettings = {
				ALWAYS_SEARCH_USER_PATHS = NO;
				ARCHS = arm64;
				CLANG_ANALYZER_NONNULL = YES;
				CLANG_ANALYZER_NUMBER_OBJECT_CONVERSION = YES_AGGRESSIVE;
				CLANG_CXX_LANGUAGE_STANDARD = "gnu++14";
				CLANG_CXX_LIBRARY = "libc++";
				CLANG_ENABLE_MODULES = YES;
				CLANG_ENABLE_OBJC_ARC = YES;
				CLANG_ENABLE_OBJC_WEAK = YES;
				CLANG_WARN_BLOCK_CAPTURE_AUTORELEASING = YES;
				CLANG_WARN_BOOL_CONVERSION = YES;
				CLANG_WARN_COMMA = YES;
				CLANG_WARN_CONSTANT_CONVERSION = YES;
				CLANG_WARN_DEPRECATED_OBJC_IMPLEMENTATIONS = YES;
				CLANG_WARN_DIRECT_OBJC_ISA_USAGE = YES_ERROR;
				CLANG_WARN_DOCUMENTATION_COMMENTS = YES;
				CLANG_WARN_EMPTY_BODY = YES;
				CLANG_WARN_ENUM_CONVERSION = YES;
				CLANG_WARN_INFINITE_RECURSION = YES;
				CLANG_WARN_INT_CONVERSION = YES;
				CLANG_WARN_NON_LITERAL_NULL_CONVERSION = YES;
				CLANG_WARN_OBJC_IMPLICIT_RETAIN_SELF = YES;
				CLANG_WARN_OBJC_LITERAL_CONVERSION = YES;
				CLANG_WARN_OBJC_ROOT_CLASS = YES_ERROR;
				CLANG_WARN_QUOTED_INCLUDE_IN_FRAMEWORK_HEADER = YES;
				CLANG_WARN_RANGE_LOOP_ANALYSIS = YES;
				CLANG_WARN_STRICT_PROTOTYPES = YES;
				CLANG_WARN_SUSPICIOUS_MOVE = YES;
				CLANG_WARN_UNGUARDED_AVAILABILITY = YES_AGGRESSIVE;
				CLANG_WARN_UNREACHABLE_CODE = YES;
				CLANG_WARN__DUPLICATE_METHOD_MATCH = YES;
				COPY_PHASE_STRIP = NO;
				DEBUG_INFORMATION_FORMAT = dwarf;
				ENABLE_STRICT_OBJC_MSGSEND = YES;
				ENABLE_TESTABILITY = YES;
				GCC_C_LANGUAGE_STANDARD = gnu11;
				GCC_DYNAMIC_NO_PIC = NO;
				GCC_NO_COMMON_BLOCKS = YES;
				GCC_OPTIMIZATION_LEVEL = 0;
				GCC_PREPROCESSOR_DEFINITIONS = (
					"$(inherited)",
					"DEBUG=1",
				);
				GCC_WARN_64_TO_32_BIT_CONVERSION = YES;
				GCC_WARN_ABOUT_RETURN_TYPE = YES_ERROR;
				GCC_WARN_UNDECLARED_SELECTOR = YES;
				GCC_WARN_UNINITIALIZED_AUTOS = YES_AGGRESSIVE;
				GCC_WARN_UNUSED_FUNCTION = YES;
				GCC_WARN_UNUSED_VARIABLE = YES;
				MACOSX_DEPLOYMENT_TARGET = 15.0;
				MTL_ENABLE_DEBUG_INFO = INCLUDE_SOURCE;
				MTL_FAST_MATH = YES;
				ONLY_ACTIVE_ARCH = YES;
				PRODUCT_NAME = "$(TARGET_NAME)";
				SDKROOT = macosx;
				SWIFT_ACTIVE_COMPILATION_CONDITIONS = DEBUG;
				SWIFT_OPTIMIZATION_LEVEL = "-Onone";
				SWIFT_VERSION = 6.0;
			};
			name = Debug;
		};
		F35F48FD96176599A4E35768 /* Debug */ = {
			isa = XCBuildConfiguration;
			buildSettings = {
				BUNDLE_LOADER = "$(TEST_HOST)";
				COMBINE_HIDPI_IMAGES = YES;
				GENERATE_INFOPLIST_FILE = YES;
				LD_RUNPATH_SEARCH_PATHS = (
					"$(inherited)",
					"@executable_path/../Frameworks",
					"@loader_path/../Frameworks",
				);
				PRODUCT_BUNDLE_IDENTIFIER = "local.maclm-agentTests";
				SDKROOT = macosx;
				SWIFT_VERSION = 6.0;
				TEST_HOST = "$(BUILT_PRODUCTS_DIR)/maclm-agent.app/Contents/MacOS/maclm-agent";
			};
			name = Debug;
		};
/* End XCBuildConfiguration section */

/* Begin XCConfigurationList section */
		2B054F9D1268238D33041F23 /* Build configuration list for PBXNativeTarget "maclm-agent" */ = {
			isa = XCConfigurationList;
			buildConfigurations = (
				BE60DA13DA3CB4EA432B8762 /* Debug */,
				6A67565428350D850E01548C /* Release */,
			);
			defaultConfigurationIsVisible = 0;
			defaultConfigurationName = Debug;
		};
		3ECE6AB41519CF34FA77B0ED /* Build configuration list for PBXNativeTarget "maclm-agentTests" */ = {
			isa = XCConfigurationList;
			buildConfigurations = (
				F35F48FD96176599A4E35768 /* Debug */,
				4285AE8180601C8E50612844 /* Release */,
			);
			defaultConfigurationIsVisible = 0;
			defaultConfigurationName = Debug;
		};
		AECE2072A157A9CDC82C2977 /* Build configuration list for PBXProject "maclm-agent" */ = {
			isa = XCConfigurationList;
			buildConfigurations = (
				CEFB6042D78A64AA0F078E0D /* Debug */,
				692684D8AE0036EA386BC9B5 /* Release */,
			);
			defaultConfigurationIsVisible = 0;
			defaultConfigurationName = Debug;
		};
/* End XCConfigurationList section */
	};
	rootObject = 97921582B814E630D1F1C3C2 /* Project object */;
}
