// !$*UTF8*$!
{
	archiveVersion = 1;
	classes = {
	};
	objectVersion = 77;
	objects = {

/* Begin PBXBuildFile section */
		0129DDE3FF4C180DCB6E6EB3 /* CheckpointMigrationTests.swift in Sources */ = {isa = PBXBuildFile; fileRef = 899F620FC34AB665DBAB930B /* CheckpointMigrationTests.swift */; };
		01902FA044868C6DFC92B9F7 /* PetState.swift in Sources */ = {isa = PBXBuildFile; fileRef = 60D25C5FDA38DB2329E7F4D9 /* PetState.swift */; };
		02DFB112BE3B04A6F97D4A7C /* WorkspaceInspectorView.swift in Sources */ = {isa = PBXBuildFile; fileRef = 9FE5F86C22039A7CCC3A2E81 /* WorkspaceInspectorView.swift */; };
		0FB21F1A342772E15E2F83D8 /* ClipboardActionSeeder.swift in Sources */ = {isa = PBXBuildFile; fileRef = 333E084E43AB611FFC114851 /* ClipboardActionSeeder.swift */; };
		0FE3C9C702932FE6310189A9 /* ProjectEditorView.swift in Sources */ = {isa = PBXBuildFile; fileRef = 57B1AD102B0E83F287F15DAA /* ProjectEditorView.swift */; };
		1075D47F432F8B811080BF21 /* lmstudio-models-live.json in Resources */ = {isa = PBXBuildFile; fileRef = BA8753F536A9778DC1DB2D32 /* lmstudio-models-live.json */; };
		11F15404E3629292CD7D8EC9 /* PetLibraryTests.swift in Sources */ = {isa = PBXBuildFile; fileRef = 7455824022603B4B95DBF8A9 /* PetLibraryTests.swift */; };
		12840EBC2E8214A33FEEA439 /* SessionPermissionsTests.swift in Sources */ = {isa = PBXBuildFile; fileRef = 50F663BF35DBA5A2AAC5D913 /* SessionPermissionsTests.swift */; };
		12AC6568B7BE46C21357FD62 /* Conversation.swift in Sources */ = {isa = PBXBuildFile; fileRef = B97A3099DCC2211F043E4378 /* Conversation.swift */; };
		138274F242431F46D9EC58BC /* Core.swift in Sources */ = {isa = PBXBuildFile; fileRef = 9BE7398ECA365F5138E806E8 /* Core.swift */; };
		140A8A215CD1EEB0AD2E54B3 /* DefaultClipboardActions.swift in Sources */ = {isa = PBXBuildFile; fileRef = F0D6F843353AC35DA999F2CE /* DefaultClipboardActions.swift */; };
		1647280BA16ABCDB126AF138 /* PetNativeEventTests.swift in Sources */ = {isa = PBXBuildFile; fileRef = AC33D6EE8CAE65932EFE8187 /* PetNativeEventTests.swift */; };
		176817B1CC643E75A47277CF /* OllamaProvider.swift in Sources */ = {isa = PBXBuildFile; fileRef = C046215F215DF0CC1686F1E2 /* OllamaProvider.swift */; };
		1CA5D7E86C7974E16745AE70 /* ClipboardActionTemplate.swift in Sources */ = {isa = PBXBuildFile; fileRef = 6295D35C74655F1379C531E8 /* ClipboardActionTemplate.swift */; };
		210C68B603CB0C1F45A6BE22 /* AuditEntry.swift in Sources */ = {isa = PBXBuildFile; fileRef = 39A8F15CCD4A4BE84177CD7D /* AuditEntry.swift */; };
		21FED33A2C81E12660D24527 /* PetPanel.swift in Sources */ = {isa = PBXBuildFile; fileRef = A6A782FDABF4C6E0ABE5F9F3 /* PetPanel.swift */; };
		230E20EF807A37BDE3BB448F /* PetResourceTests.swift in Sources */ = {isa = PBXBuildFile; fileRef = CF18A5AEAC0D880F1EEA4929 /* PetResourceTests.swift */; };
		2321AA8C8DF215DD4899D491 /* ClipboardActionRunnerTests.swift in Sources */ = {isa = PBXBuildFile; fileRef = 4E3478489BC7B59E6914D735 /* ClipboardActionRunnerTests.swift */; };
		25A2E141AA63B5DE9E694958 /* ComposerTests.swift in Sources */ = {isa = PBXBuildFile; fileRef = 8BD2BA157B0D9D2883D13DCB /* ComposerTests.swift */; };
		268AAD5CCBBA79FF7A91E1F8 /* ollama-usage-synthetic.ndjson in Resources */ = {isa = PBXBuildFile; fileRef = C3D062E873B44FE2E2A97E6A /* ollama-usage-synthetic.ndjson */; };
		2841FA7BC35B11E41E9A7BD8 /* SessionRunnerTests.swift in Sources */ = {isa = PBXBuildFile; fileRef = D03252BCAAD7CD67428F57B4 /* SessionRunnerTests.swift */; };
		28A7C99CCD03763CD40B1B75 /* lmstudio-v1-synthetic.json in Resources */ = {isa = PBXBuildFile; fileRef = 2D493AF6764EBC2114DE5BA2 /* lmstudio-v1-synthetic.json */; };
		28EC3D897E9E7F87052FB06C /* PathCanonicalizer.swift in Sources */ = {isa = PBXBuildFile; fileRef = 7395128DD6A267D5097E2993 /* PathCanonicalizer.swift */; };
		2B995A07037D9F8E56B8B27B /* PetLoaderTests.swift in Sources */ = {isa = PBXBuildFile; fileRef = 0CC555CCF933DF718EE8A99D /* PetLoaderTests.swift */; };
		2CBA0A8C1F00B433B49F0D66 /* PetStateTests.swift in Sources */ = {isa = PBXBuildFile; fileRef = 89734BC8E6513976A8460E93 /* PetStateTests.swift */; };
		2D67060156F6DFB6F4D3D213 /* SSEParser.swift in Sources */ = {isa = PBXBuildFile; fileRef = F231B04B4566BB6105DC1EF3 /* SSEParser.swift */; };
		3183C907BBD4A99B13E5860E /* LMStudioProvider.swift in Sources */ = {isa = PBXBuildFile; fileRef = 620D068C128C9FFFC32B6336 /* LMStudioProvider.swift */; };
		33E966F962F7BB41A309B2CE /* SecuritySettingsView.swift in Sources */ = {isa = PBXBuildFile; fileRef = C458AC82EC6264FBB2B799ED /* SecuritySettingsView.swift */; };
		3746B409D4ACB6954708B7C3 /* PetStoreFixture.swift in Sources */ = {isa = PBXBuildFile; fileRef = 54FD552F1BEE7FF9042D3834 /* PetStoreFixture.swift */; };
		37DEEF80B872CD8FFAA60522 /* ollama-tags-synthetic.json in Resources */ = {isa = PBXBuildFile; fileRef = B244346F19D3F6FD539F84AA /* ollama-tags-synthetic.json */; };
		380A8E20DE22CD6332F37B83 /* QuickActionPickerModel.swift in Sources */ = {isa = PBXBuildFile; fileRef = DD468E05FD03A5043CFDAE0B /* QuickActionPickerModel.swift */; };
		384F5E913BAC76779908249D /* ShortcutRecorder.swift in Sources */ = {isa = PBXBuildFile; fileRef = 9D5211EC914BE4690C2B0B08 /* ShortcutRecorder.swift */; };
		3A2315D8420B21073E77E050 /* MenuBarController.swift in Sources */ = {isa = PBXBuildFile; fileRef = 19C0373720418992928F49D9 /* MenuBarController.swift */; };
		3A7E81D537E5BBC514258A44 /* AppSettings.swift in Sources */ = {isa = PBXBuildFile; fileRef = BAE50E7AB714973948F3E0EC /* AppSettings.swift */; };
		3C06D6B52570FFC14F0A603F /* ConversationListView.swift in Sources */ = {isa = PBXBuildFile; fileRef = E30C2ABA14D6698C7823FE00 /* ConversationListView.swift */; };
		3C5D3117BD832A5CD671A136 /* MessageMapping.swift in Sources */ = {isa = PBXBuildFile; fileRef = B7D70134980544BF9B4F6E55 /* MessageMapping.swift */; };
		3D06CB20F1B2881D2D1FE0AB /* ChatViewModel+Storage.swift in Sources */ = {isa = PBXBuildFile; fileRef = 69BE55A4C27611B51D2573AD /* ChatViewModel+Storage.swift */; };
		3E62146883B1CFA0116BDC8D /* SessionRegressionTests.swift in Sources */ = {isa = PBXBuildFile; fileRef = 15E2C101327D8B35DBDE8223 /* SessionRegressionTests.swift */; };
		41F8A003E2E8B428D0D9168B /* MacLMAgentTests.swift in Sources */ = {isa = PBXBuildFile; fileRef = 6C8CDD0C4EBC99C3DEE75DCC /* MacLMAgentTests.swift */; };
		44F880C8272BAE2B0725D44F /* KeychainService.swift in Sources */ = {isa = PBXBuildFile; fileRef = 628C0E0AE27881D1D6ED3CD7 /* KeychainService.swift */; };
		46FD7E639CF55D3CAAA97694 /* ChatViewModel.swift in Sources */ = {isa = PBXBuildFile; fileRef = 7E7D928A7CF4B09DF30D6FA8 /* ChatViewModel.swift */; };
		4C259176EF253EED82BBDDB5 /* AuditLogTests.swift in Sources */ = {isa = PBXBuildFile; fileRef = D67D598F8228B583F247D35B /* AuditLogTests.swift */; };
		4CDE003C80F81E2CA4706DC4 /* ToolTests.swift in Sources */ = {isa = PBXBuildFile; fileRef = 7C508F8649E5A34F5599F4D9 /* ToolTests.swift */; };
		4FD38E1EE48DA6D36FBB4FAE /* PetView.swift in Sources */ = {isa = PBXBuildFile; fileRef = 5949F90EAE07570383CC2C52 /* PetView.swift */; };
		51CEEF8BD4959870F557CE62 /* QuickActionPickerView.swift in Sources */ = {isa = PBXBuildFile; fileRef = E1B0B979529E33A19B67E1ED /* QuickActionPickerView.swift */; };
		529D16D51EF7C9F16D079594 /* CheckpointStore.swift in Sources */ = {isa = PBXBuildFile; fileRef = C61C94419BF0F26D732FE634 /* CheckpointStore.swift */; };
		536B4F3AD95CA90FEA99E2C4 /* PetManifest.swift in Sources */ = {isa = PBXBuildFile; fileRef = C22E34A240B86CDF68586BAC /* PetManifest.swift */; };
		56F8C3B8491D024120758649 /* PasteServiceTests.swift in Sources */ = {isa = PBXBuildFile; fileRef = 5DD9F645395A145B8FD101C5 /* PasteServiceTests.swift */; };
		57ABB2AD2CABC5B5E0D9E2D6 /* ClipboardAction.swift in Sources */ = {isa = PBXBuildFile; fileRef = EBEFFB854A6EDDE79EC2CF95 /* ClipboardAction.swift */; };
		58E9F2D5AEC5478BF5F64E16 /* Security.swift in Sources */ = {isa = PBXBuildFile; fileRef = 171819761DB744C3E56AA499 /* Security.swift */; };
		5A4FA222EC318F2A79479053 /* SessionRunnerPersistence.swift in Sources */ = {isa = PBXBuildFile; fileRef = A1B68337BBCC32918FC5D011 /* SessionRunnerPersistence.swift */; };
		5D5B04FA39DE8FE74C9F8664 /* Checkpoint.swift in Sources */ = {isa = PBXBuildFile; fileRef = CF774AB249F2AA413AE63452 /* Checkpoint.swift */; };
		5D5FA7F0D7F10B5956E89746 /* ApplicationRuntime.swift in Sources */ = {isa = PBXBuildFile; fileRef = E0B0D6547534ACFAA1181417 /* ApplicationRuntime.swift */; };
		5ED7B1E478F2AF9F749B6754 /* ConfirmationCard.swift in Sources */ = {isa = PBXBuildFile; fileRef = ABADBD1A85FF4C5A0371B282 /* ConfirmationCard.swift */; };
		6172C12F6B6BE8E6DB055E74 /* lmstudio-v1-live-0.4.25.json in Resources */ = {isa = PBXBuildFile; fileRef = 25DFA4B18EA7846FC61CB35D /* lmstudio-v1-live-0.4.25.json */; };
		64C749656619891CDC7AE685 /* ollama-ps-synthetic.json in Resources */ = {isa = PBXBuildFile; fileRef = 2755DCD83580F8336144E6E2 /* ollama-ps-synthetic.json */; };
		660CA1296B8FE7C1EC8EE373 /* PetLiveSessionTests.swift in Sources */ = {isa = PBXBuildFile; fileRef = 1D333D752F52D03FA45A626B /* PetLiveSessionTests.swift */; };
		679FFE74EB7C0310E64B88CE /* DeleteFileTool.swift in Sources */ = {isa = PBXBuildFile; fileRef = 85C908B3755176AE72C5E947 /* DeleteFileTool.swift */; };
		6808C1FD47875AF0491663A7 /* LegacyContextAdapters.swift in Sources */ = {isa = PBXBuildFile; fileRef = 399571D76E117021939561D0 /* LegacyContextAdapters.swift */; };
		6817FAC2C12373063F0B5847 /* MacLMAgentApp.swift in Sources */ = {isa = PBXBuildFile; fileRef = 93644C8336FE627BD3F3F299 /* MacLMAgentApp.swift */; };
		68F15CFB5D62C47694DA7844 /* InterfaceLocalization.swift in Sources */ = {isa = PBXBuildFile; fileRef = A6F37E292CEC3EF2103BE3AD /* InterfaceLocalization.swift */; };
		6950722B70EFD7EA0714D8C9 /* ReadFileTool.swift in Sources */ = {isa = PBXBuildFile; fileRef = A0E1EF7838811397B8E119DB /* ReadFileTool.swift */; };
		6A982E8440A3122D91552129 /* ProviderCoordinator.swift in Sources */ = {isa = PBXBuildFile; fileRef = 92A7AB91B2BE3F44707A2F97 /* ProviderCoordinator.swift */; };
		6AAFED7D431754C2AF42587C /* WorkspaceSupport.swift in Sources */ = {isa = PBXBuildFile; fileRef = B0D6E014377C063CC42806C0 /* WorkspaceSupport.swift */; };
		6B80954B2EBBAC1E24DD28BF /* PetSettingsView.swift in Sources */ = {isa = PBXBuildFile; fileRef = EE4AA899A79BDD30534C5BBC /* PetSettingsView.swift */; };
		6F358D85215661B94BDA4E5D /* PetPanelTests.swift in Sources */ = {isa = PBXBuildFile; fileRef = 2EA6D13AD6FCC123FC674510 /* PetPanelTests.swift */; };
		6F60B04E7ADF497A05B2A9E6 /* LLM.swift in Sources */ = {isa = PBXBuildFile; fileRef = 8E227070DA0FE5685CC90F62 /* LLM.swift */; };
		6F619BF71C8A918214053878 /* ProjectPerimeterTests.swift in Sources */ = {isa = PBXBuildFile; fileRef = DA6A99809CABE1E56F89F722 /* ProjectPerimeterTests.swift */; };
		6FFC256046EA558720A91B1E /* workspace-v0.4.1.store in Resources */ = {isa = PBXBuildFile; fileRef = 5137C257D3117EC2EE3B7FB7 /* workspace-v0.4.1.store */; };
		707EA8549A02E38F3AE5BBB3 /* AgentLoopEvents.swift in Sources */ = {isa = PBXBuildFile; fileRef = 4A42314D2A334968F30F0EDD /* AgentLoopEvents.swift */; };
		71BC198CAF60C144414AC111 /* ToolCallCard.swift in Sources */ = {isa = PBXBuildFile; fileRef = 1AF89DD40946291B82206243 /* ToolCallCard.swift */; };
		72A9DEE6528AF7D382AEF28A /* PetLibrary.swift in Sources */ = {isa = PBXBuildFile; fileRef = 9932C5918944EB1D55ABFDDC /* PetLibrary.swift */; };
		7325881864476BE8705AFF84 /* FrontmostApplicationService.swift in Sources */ = {isa = PBXBuildFile; fileRef = 0FBB4557D6112F51906006A8 /* FrontmostApplicationService.swift */; };
		736795734890B8E2A226F9F5 /* CheckpointViews.swift in Sources */ = {isa = PBXBuildFile; fileRef = 65E7153BD4FDCEE192237E0B /* CheckpointViews.swift */; };
		74F4064A06AA7B6884C1760B /* PetFileAccess.swift in Sources */ = {isa = PBXBuildFile; fileRef = D7D6C8C109238D93F2ADCA27 /* PetFileAccess.swift */; };
		7507E829B4D7CEC6695578A1 /* lmstudio-openai-live-0.4.25.json in Resources */ = {isa = PBXBuildFile; fileRef = C098644BAC87EF238516C246 /* lmstudio-openai-live-0.4.25.json */; };
		771B40F2F3F8AB63D52B43AF /* PetBubbleView.swift in Sources */ = {isa = PBXBuildFile; fileRef = 6E75FA48D101A76914D2A00A /* PetBubbleView.swift */; };
		783A07715767FD44CD394FE0 /* QuickActionPickerModelTests.swift in Sources */ = {isa = PBXBuildFile; fileRef = 01A7919CAEB53121634F9073 /* QuickActionPickerModelTests.swift */; };
		7D58DF163D482818E25D28E9 /* Tools.swift in Sources */ = {isa = PBXBuildFile; fileRef = 37F5F94DD0C6655E0949B69B /* Tools.swift */; };
		7EC454B3D290F387AB3771A3 /* WorkspaceInspection.swift in Sources */ = {isa = PBXBuildFile; fileRef = 62C109D06DC09168F2F10AE0 /* WorkspaceInspection.swift */; };
		7F978E119186397F41476F03 /* Security.framework in Frameworks */ = {isa = PBXBuildFile; fileRef = 03385E835E680CDDF7566DED /* Security.framework */; };
		7FBD47A610127685B4BBA219 /* SecurityRuleEditor.swift in Sources */ = {isa = PBXBuildFile; fileRef = 5CC5C9ECF4A156064477B664 /* SecurityRuleEditor.swift */; };
		7FCA27D6759B7024834758E9 /* lmstudio-v0-live-0.4.25.json in Resources */ = {isa = PBXBuildFile; fileRef = 0117B7B10390E8A9CEBF2BF1 /* lmstudio-v0-live-0.4.25.json */; };
		801463731FD6D922ADFCDEF9 /* lmstudio-usage-live.sse in Resources */ = {isa = PBXBuildFile; fileRef = 074761FA5D0CE9C1637D69E6 /* lmstudio-usage-live.sse */; };
		8352C8B11478C482FC7B1EA2 /* README.md in Resources */ = {isa = PBXBuildFile; fileRef = F546E24782D179B1A6BFCD37 /* README.md */; };
		851D2F950E122E15EB5BCF5B /* ContextUsage.swift in Sources */ = {isa = PBXBuildFile; fileRef = 603CE4C320E25C721D0B46A9 /* ContextUsage.swift */; };
		85B11984B90E7F00F17A7655 /* CheckpointTests.swift in Sources */ = {isa = PBXBuildFile; fileRef = 2740CB12D6FBFF14519915BF /* CheckpointTests.swift */; };
		8817296B29666CA89281C143 /* ClipboardActionStoreTests.swift in Sources */ = {isa = PBXBuildFile; fileRef = E09A375F450E01A949AF1CAF /* ClipboardActionStoreTests.swift */; };
		88A8775576343F7E70917501 /* ToolInvocationContext.swift in Sources */ = {isa = PBXBuildFile; fileRef = 5A9F3B73AD15CBD14E25919E /* ToolInvocationContext.swift */; };
		8DD02FD87788477A80585BBD /* ClipboardActionEditorView.swift in Sources */ = {isa = PBXBuildFile; fileRef = BB459D3ACF66313FC02F21C5 /* ClipboardActionEditorView.swift */; };
		8DF8647AEDF3BC5B69F5184F /* Project.swift in Sources */ = {isa = PBXBuildFile; fileRef = 126AD51B613FFC9F3B4474C7 /* Project.swift */; };
		8FDAC9B442164981522826AA /* ModelSettingsTests.swift in Sources */ = {isa = PBXBuildFile; fileRef = 900CC41233B21B418D24556A /* ModelSettingsTests.swift */; };
		95FC22A8E06C02A85019813F /* PetRuntime.swift in Sources */ = {isa = PBXBuildFile; fileRef = 696A45402D055BF8573B86B7 /* PetRuntime.swift */; };
		96D9DB0BF0EDD5F6656B26F2 /* SessionContextTests.swift in Sources */ = {isa = PBXBuildFile; fileRef = FC417D493B2003D8D3C9F01A /* SessionContextTests.swift */; };
		9849954988154EEA7048C17B /* ClipboardActionsSettingsView.swift in Sources */ = {isa = PBXBuildFile; fileRef = 330108579FE774A9EF054FBE /* ClipboardActionsSettingsView.swift */; };
		98F380F92E23DBA827E19BD2 /* ClipboardActionStore.swift in Sources */ = {isa = PBXBuildFile; fileRef = 270AB5B6193643EDF8B0BE02 /* ClipboardActionStore.swift */; };
		9913B2B13479E1ADA91E5972 /* ClipboardActionTests.swift in Sources */ = {isa = PBXBuildFile; fileRef = 48A25DE7221DB9887518A128 /* ClipboardActionTests.swift */; };
		9AC1658D393CF5CD25B77E38 /* RunTraceTests.swift in Sources */ = {isa = PBXBuildFile; fileRef = 329817F610B22EF635ABE304 /* RunTraceTests.swift */; };
		9ADD729D36E8F0DD0A74221A /* PetStoreTests.swift in Sources */ = {isa = PBXBuildFile; fileRef = D13ABB7F2D35AF78398A1C5F /* PetStoreTests.swift */; };
		9CF326B3C577A9805755C3C6 /* SecurityRuleEditorTests.swift in Sources */ = {isa = PBXBuildFile; fileRef = E726C38719DC47EF6E82A644 /* SecurityRuleEditorTests.swift */; };
		9EA847F23C9CC7BCC3D47D58 /* ClipboardHotkeyService.swift in Sources */ = {isa = PBXBuildFile; fileRef = 706DC256A6ABF272FE181D01 /* ClipboardHotkeyService.swift */; };
		A1A54C638C04C5F2D7D16DC8 /* LegacyPolicyCharacterizationTests.swift in Sources */ = {isa = PBXBuildFile; fileRef = 340857EC8D08BC6974E07CB0 /* LegacyPolicyCharacterizationTests.swift */; };
		A55DB558B76C82AA3C6ABEFC /* ModelInfo.swift in Sources */ = {isa = PBXBuildFile; fileRef = EB36C62F087DF9B563EDD289 /* ModelInfo.swift */; };
		A5EE8B4368EB065F03A68BA2 /* ProviderDiscovery.swift in Sources */ = {isa = PBXBuildFile; fileRef = 68B011F71E42B85FCE11DCAC /* ProviderDiscovery.swift */; };
		A72C4B6480D2C8AB79679AB4 /* RunTrace.swift in Sources */ = {isa = PBXBuildFile; fileRef = 96966D81F468E865735C4DAD /* RunTrace.swift */; };
		A8A649A4C1C7865347BE000F /* lmstudio-v0-synthetic.json in Resources */ = {isa = PBXBuildFile; fileRef = 1C839DEE30EE04BE88444626 /* lmstudio-v0-synthetic.json */; };
		A95A7A3DFD60902F9FD81BBA /* SettingsView.swift in Sources */ = {isa = PBXBuildFile; fileRef = C91D73A066E7938684668328 /* SettingsView.swift */; };
		AA55B76FDCFB6D8B747C3078 /* RiskLevelTests.swift in Sources */ = {isa = PBXBuildFile; fileRef = FFCCB665FEC407510EAAA278 /* RiskLevelTests.swift */; };
		AA6C9B9BAA1D74D4A52DC711 /* PetApprovalPolicy.swift in Sources */ = {isa = PBXBuildFile; fileRef = 88C37C8587FBD88D9D00D3A7 /* PetApprovalPolicy.swift */; };
		AAE87B1298940E3657B6AFFC /* MoveFileTool.swift in Sources */ = {isa = PBXBuildFile; fileRef = 114BE49C5E20E1D4EA612B30 /* MoveFileTool.swift */; };
		ACFFEA515289924EC8D2E439 /* Localizable.xcstrings in Resources */ = {isa = PBXBuildFile; fileRef = A5023E2DA958DA7F4646AAF5 /* Localizable.xcstrings */; };
		AFE8EE6E10B150AE925BBAE5 /* FilePreviewService.swift in Sources */ = {isa = PBXBuildFile; fileRef = 0ED6B7B2202D6F3EAC5C7189 /* FilePreviewService.swift */; };
		B0AB9485F39FC42A17ACB277 /* AuditLogView.swift in Sources */ = {isa = PBXBuildFile; fileRef = 7712919F4841548F31F3177A /* AuditLogView.swift */; };
		B0C03532B335A1A33A51DDE6 /* ApplicationProtection.swift in Sources */ = {isa = PBXBuildFile; fileRef = 4E23816F6C486AE5CD62A9C6 /* ApplicationProtection.swift */; };
		B16BD1CC511C60DD2450E786 /* RunShellTool.swift in Sources */ = {isa = PBXBuildFile; fileRef = D14B77D4CFDA3E258F60BBD0 /* RunShellTool.swift */; };
		B1BA09306F58667CD6DE7453 /* ollama-context-ps-synthetic.json in Resources */ = {isa = PBXBuildFile; fileRef = F79ED3D03B62F97048C24780 /* ollama-context-ps-synthetic.json */; };
		B1D24B9CF757F896C6C080EF /* PetBubbleNativeTests.swift in Sources */ = {isa = PBXBuildFile; fileRef = 5267F4DFB5893735FE114087 /* PetBubbleNativeTests.swift */; };
		B21AEBEBCBAF4068D72D1679 /* Message.swift in Sources */ = {isa = PBXBuildFile; fileRef = BD2A3EE346D287B95D6C981D /* Message.swift */; };
		B3D07CAB2455A6087547D682 /* MainWindowView.swift in Sources */ = {isa = PBXBuildFile; fileRef = A3DF5BCF95C6307A82F1856E /* MainWindowView.swift */; };
		B504DFB259788E4F62C91E31 /* PetBubbleModel.swift in Sources */ = {isa = PBXBuildFile; fileRef = A3F9C91AD4CBB8E71BA32167 /* PetBubbleModel.swift */; };
		B576DDEFCE53E2F2423F4073 /* EndpointClassifier.swift in Sources */ = {isa = PBXBuildFile; fileRef = 07973A63835FAA6F1F4B105D /* EndpointClassifier.swift */; };
		B725BEFBC21CB6EC2AF68DEB /* SessionNotifications.swift in Sources */ = {isa = PBXBuildFile; fileRef = 57F14602E8D742855118E434 /* SessionNotifications.swift */; };
		B7BD18EDE8251146330C5D7B /* ChatView.swift in Sources */ = {isa = PBXBuildFile; fileRef = 85401CE6557E769B5005815D /* ChatView.swift */; };
		B7EB5536DFDB9440A44713E0 /* ClipboardActionRunner.swift in Sources */ = {isa = PBXBuildFile; fileRef = ACFB3F48EBCF00ED30BB396D /* ClipboardActionRunner.swift */; };
		BB404ACE35CB608374D18853 /* RunTraceView.swift in Sources */ = {isa = PBXBuildFile; fileRef = 3DB30ABBFC413385D57DFE14 /* RunTraceView.swift */; };
		BC934848CEBFF5701700B3D9 /* PasteService.swift in Sources */ = {isa = PBXBuildFile; fileRef = A25A23370D90320D7E524F8F /* PasteService.swift */; };
		BD767B7CA8D9B445270150CC /* SessionRunner.swift in Sources */ = {isa = PBXBuildFile; fileRef = 4210CD2CE221823E2B513790 /* SessionRunner.swift */; };
		BD912000DA6B5A40275797C6 /* SecurityPolicyEngine.swift in Sources */ = {isa = PBXBuildFile; fileRef = 830CD7A06CA4FFC1BC57455A /* SecurityPolicyEngine.swift */; };
		BE85E3BE7C17B219EA5655BC /* MenuBarContentView.swift in Sources */ = {isa = PBXBuildFile; fileRef = ED4F0123BC5C7F0347D8D885 /* MenuBarContentView.swift */; };
		BE88226398EF659C9024FB8E /* AccessibilityPermissionService.swift in Sources */ = {isa = PBXBuildFile; fileRef = B87C8C464D73D6BDE12A2532 /* AccessibilityPermissionService.swift */; };
		BF542FF2B1374446B72C11CC /* WorkspaceTests.swift in Sources */ = {isa = PBXBuildFile; fileRef = BEF8A55530D310F048D14BDF /* WorkspaceTests.swift */; };
		C22BDAE553632DD460A719EA /* Carbon.framework in Frameworks */ = {isa = PBXBuildFile; fileRef = 388997488919851EE4EF1465 /* Carbon.framework */; };
		C264F48BDA802C5089481EBA /* WriteFileTool.swift in Sources */ = {isa = PBXBuildFile; fileRef = B218B4009854150B155CF8E9 /* WriteFileTool.swift */; };
		C609D261A9FF69EBF5B398DA /* OllamaNDJSONParser.swift in Sources */ = {isa = PBXBuildFile; fileRef = 6BBC58753B7CA69E1D2F38FA /* OllamaNDJSONParser.swift */; };
		C6B5872178E08FCB204A3708 /* CheckpointService.swift in Sources */ = {isa = PBXBuildFile; fileRef = E29222DF1BC309839D6F4F7F /* CheckpointService.swift */; };
		C788174A08732C4A7BB570E4 /* ToolCall.swift in Sources */ = {isa = PBXBuildFile; fileRef = F2C96102770327439C7769C4 /* ToolCall.swift */; };
		C7B56948610A455ED2DE9F3C /* QuickActionPickerController.swift in Sources */ = {isa = PBXBuildFile; fileRef = 9AE35BD3F9F14AAC825E1ACE /* QuickActionPickerController.swift */; };
		C8AD5200649ECB6CF9F5F368 /* ClipboardActionEditorModels.swift in Sources */ = {isa = PBXBuildFile; fileRef = 0D477804E7DF4CDB820C3BA9 /* ClipboardActionEditorModels.swift */; };
		C91B6A5C29CFB9868EAABC20 /* SessionLoadTests.swift in Sources */ = {isa = PBXBuildFile; fileRef = 0FEB80504F1C6A2CCFDDEC25 /* SessionLoadTests.swift */; };
		CB61B9970F3FFD8ED6BBEFBD /* ComposerView.swift in Sources */ = {isa = PBXBuildFile; fileRef = E1215A5DE9FA66DB0EC766FC /* ComposerView.swift */; };
		CD5AAF9FFF8A0BF33F994C00 /* CheckpointLoopTests.swift in Sources */ = {isa = PBXBuildFile; fileRef = B15433856EDC6CA975D1D26E /* CheckpointLoopTests.swift */; };
		D30A7C993D239CDA26AA20A2 /* PetPosition.swift in Sources */ = {isa = PBXBuildFile; fileRef = F6534FFD253201A037C8ECDE /* PetPosition.swift */; };
		D4DE0EBADF9FE06EAF41E4AA /* GlobalHotKey.swift in Sources */ = {isa = PBXBuildFile; fileRef = F385F4BF5D0886C04DCBC378 /* GlobalHotKey.swift */; };
		D516FD89933DE7B039CB0FF5 /* SessionNotificationTests.swift in Sources */ = {isa = PBXBuildFile; fileRef = 468894D9A9CE1F5B5A34B943 /* SessionNotificationTests.swift */; };
		D5926BFC827EDA0EA06899CC /* SecurityRulePersistenceTests.swift in Sources */ = {isa = PBXBuildFile; fileRef = 249A3EEF0B4F9A4ECAD9B553 /* SecurityRulePersistenceTests.swift */; };
		D633AFFA3C955C4E50115461 /* RiskLevel.swift in Sources */ = {isa = PBXBuildFile; fileRef = 63A61B8098B517DCF8A97F95 /* RiskLevel.swift */; };
		D7AFF3C8F6AB6A7DEF38E920 /* PetBubblePanel.swift in Sources */ = {isa = PBXBuildFile; fileRef = FB6BFAFA6D53938C4DFD77AD /* PetBubblePanel.swift */; };
		DAC177FA5753C816189DACD7 /* CheckpointFileState.swift in Sources */ = {isa = PBXBuildFile; fileRef = FF7AA82AAB0F3A4662E29571 /* CheckpointFileState.swift */; };
		DD50C50FD67B3A26B2C29310 /* Pets in Resources */ = {isa = PBXBuildFile; fileRef = 235E047B7FFA9063CE38C866 /* Pets */; };
		DE75A0B1D7D6AE027D826951 /* SearchFilesTool.swift in Sources */ = {isa = PBXBuildFile; fileRef = E9936E6A8DD8E2727B4AF0C3 /* SearchFilesTool.swift */; };
		DEDCC58986C9F510B0566843 /* SecurityPolicyTests.swift in Sources */ = {isa = PBXBuildFile; fileRef = 9279AAB48A9720B0E564EF6F /* SecurityPolicyTests.swift */; };
		DFFE3905F2D5A8FB5FAF2256 /* AutoTitleService.swift in Sources */ = {isa = PBXBuildFile; fileRef = 86BCA32E3F090D0A65B11DED /* AutoTitleService.swift */; };
		E2F3044688131758900D1977 /* WorkingDirectoryValidator.swift in Sources */ = {isa = PBXBuildFile; fileRef = 9C6567EB104614A78B8B63D5 /* WorkingDirectoryValidator.swift */; };
		E488DFBC28F1AEACBEEC58F9 /* SessionContextMigrationTests.swift in Sources */ = {isa = PBXBuildFile; fileRef = D0D05AD22163F33DFCF7413E /* SessionContextMigrationTests.swift */; };
		E55E2A20D3895F391E528579 /* PetStorageError.swift in Sources */ = {isa = PBXBuildFile; fileRef = 2235E93481E9B9EB883C4CA7 /* PetStorageError.swift */; };
		E63A764A0C8B3A38DD60FC37 /* SceneActions.swift in Sources */ = {isa = PBXBuildFile; fileRef = 92F8D00CE9028A5B3792F7EC /* SceneActions.swift */; };
		E65B2C98E31DEF61232617F9 /* ShellProcessTests.swift in Sources */ = {isa = PBXBuildFile; fileRef = 9FB9144735F92BBD3A61EDDC /* ShellProcessTests.swift */; };
		E77318DAE75DEAE65BD00945 /* PetBubbleTests.swift in Sources */ = {isa = PBXBuildFile; fileRef = 6B41F2B2BD4425E9A6A71AA6 /* PetBubbleTests.swift */; };
		E7F408252E6E98806A862086 /* workspace-v0.4.1.md in Resources */ = {isa = PBXBuildFile; fileRef = 00596880EC830A98274EF687 /* workspace-v0.4.1.md */; };
		EB76B0C4D52E87885303D5F9 /* WorkspaceMigrationTests.swift in Sources */ = {isa = PBXBuildFile; fileRef = 92F8346C91C56E7DA439A234 /* WorkspaceMigrationTests.swift */; };
		ECC4F36BAB01A5D109F2D678 /* PetController.swift in Sources */ = {isa = PBXBuildFile; fileRef = 9D94B163E4F6F504F339A8D6 /* PetController.swift */; };
		ED9C594FA1205823147CFF99 /* PetLoader.swift in Sources */ = {isa = PBXBuildFile; fileRef = FBF78F007C4C4485D688F383 /* PetLoader.swift */; };
		F043622DF908AD59DAC0AFD3 /* ListDirectoryTool.swift in Sources */ = {isa = PBXBuildFile; fileRef = 1E9505329737F6B909EFA1C7 /* ListDirectoryTool.swift */; };
		F1AB0B922D35532014AA515B /* SessionPermissions.swift in Sources */ = {isa = PBXBuildFile; fileRef = 0578B831267E2CAD2F2170AA /* SessionPermissions.swift */; };
		F3FEB9EDA77A4A0F318F1307 /* ProviderSettingsView.swift in Sources */ = {isa = PBXBuildFile; fileRef = 34F727917869B9B5C8186223 /* ProviderSettingsView.swift */; };
		F499C7CE035D9C25D609421F /* DangerousToolTests.swift in Sources */ = {isa = PBXBuildFile; fileRef = 53EE6DAD4705F1077DCD7840 /* DangerousToolTests.swift */; };
		F55B9A62E818E12009AC98FC /* ollama-show-synthetic.json in Resources */ = {isa = PBXBuildFile; fileRef = E3B4E2903A5C74F659D94A33 /* ollama-show-synthetic.json */; };
		F64D934202DFB8B560DCFAC9 /* SecurityRuleSeeder.swift in Sources */ = {isa = PBXBuildFile; fileRef = 7F9695EE0B91CC1967811265 /* SecurityRuleSeeder.swift */; };
		F715A14AEA723FB125DEC683 /* ClipboardAccess.swift in Sources */ = {isa = PBXBuildFile; fileRef = B8990D336DD1FD5302D25B64 /* ClipboardAccess.swift */; };
		FABA11777CBDC7880A0A9346 /* SettingsAndKeychainTests.swift in Sources */ = {isa = PBXBuildFile; fileRef = DFE0E6EB345F3D7151A8998B /* SettingsAndKeychainTests.swift */; };
		FCA5D0CD98AE97364ED04986 /* ClipboardActionDeletionDuringRunTests.swift in Sources */ = {isa = PBXBuildFile; fileRef = 4DC99D12EE79B8787909E6EC /* ClipboardActionDeletionDuringRunTests.swift */; };
		FCCF152CF95DE00AD7D79E22 /* SecurityRulesSettingsView.swift in Sources */ = {isa = PBXBuildFile; fileRef = 7415146F0934BB6DBC10EA32 /* SecurityRulesSettingsView.swift */; };
		FEEF1B074D8B8C97DDF4FB56 /* SessionRunnerRegistry.swift in Sources */ = {isa = PBXBuildFile; fileRef = DA4990A139107B6EAC770FE5 /* SessionRunnerRegistry.swift */; };
		FF907C7D963BCDC146D683A0 /* SecurityRule.swift in Sources */ = {isa = PBXBuildFile; fileRef = 416B42A72512F88E828F97FE /* SecurityRule.swift */; };
		FFC1FAF494122995D72CCBF0 /* PetStore.swift in Sources */ = {isa = PBXBuildFile; fileRef = C858EF1FABE027FA0BDF18D2 /* PetStore.swift */; };
/* End PBXBuildFile section */

/* Begin PBXContainerItemProxy section */
		D29BBED474FC2C47E0D0E780 /* PBXContainerItemProxy */ = {
			isa = PBXContainerItemProxy;
			containerPortal = 97921582B814E630D1F1C3C2 /* Project object */;
			proxyType = 1;
			remoteGlobalIDString = EA70B72CD2C779E744290EFF;
			remoteInfo = "maclm-agent";
		};
/* End PBXContainerItemProxy section */

/* Begin PBXFileReference section */
		00596880EC830A98274EF687 /* workspace-v0.4.1.md */ = {isa = PBXFileReference; lastKnownFileType = net.daringfireball.markdown; path = "workspace-v0.4.1.md"; sourceTree = "<group>"; };
		0117B7B10390E8A9CEBF2BF1 /* lmstudio-v0-live-0.4.25.json */ = {isa = PBXFileReference; lastKnownFileType = text.json; path = "lmstudio-v0-live-0.4.25.json"; sourceTree = "<group>"; };
		01A7919CAEB53121634F9073 /* QuickActionPickerModelTests.swift */ = {isa = PBXFileReference; lastKnownFileType = sourcecode.swift; path = QuickActionPickerModelTests.swift; sourceTree = "<group>"; };
		03385E835E680CDDF7566DED /* Security.framework */ = {isa = PBXFileReference; lastKnownFileType = wrapper.framework; name = Security.framework; path = System/Library/Frameworks/Security.framework; sourceTree = SDKROOT; };
		0578B831267E2CAD2F2170AA /* SessionPermissions.swift */ = {isa = PBXFileReference; lastKnownFileType = sourcecode.swift; path = SessionPermissions.swift; sourceTree = "<group>"; };
		074761FA5D0CE9C1637D69E6 /* lmstudio-usage-live.sse */ = {isa = PBXFileReference; path = "lmstudio-usage-live.sse"; sourceTree = "<group>"; };
		07973A63835FAA6F1F4B105D /* EndpointClassifier.swift */ = {isa = PBXFileReference; lastKnownFileType = sourcecode.swift; path = EndpointClassifier.swift; sourceTree = "<group>"; };
		0CC555CCF933DF718EE8A99D /* PetLoaderTests.swift */ = {isa = PBXFileReference; lastKnownFileType = sourcecode.swift; path = PetLoaderTests.swift; sourceTree = "<group>"; };
		0D477804E7DF4CDB820C3BA9 /* ClipboardActionEditorModels.swift */ = {isa = PBXFileReference; lastKnownFileType = sourcecode.swift; path = ClipboardActionEditorModels.swift; sourceTree = "<group>"; };
		0ED6B7B2202D6F3EAC5C7189 /* FilePreviewService.swift */ = {isa = PBXFileReference; lastKnownFileType = sourcecode.swift; path = FilePreviewService.swift; sourceTree = "<group>"; };
		0FBB4557D6112F51906006A8 /* FrontmostApplicationService.swift */ = {isa = PBXFileReference; lastKnownFileType = sourcecode.swift; path = FrontmostApplicationService.swift; sourceTree = "<group>"; };
		0FEB80504F1C6A2CCFDDEC25 /* SessionLoadTests.swift */ = {isa = PBXFileReference; lastKnownFileType = sourcecode.swift; path = SessionLoadTests.swift; sourceTree = "<group>"; };
		114BE49C5E20E1D4EA612B30 /* MoveFileTool.swift */ = {isa = PBXFileReference; lastKnownFileType = sourcecode.swift; path = MoveFileTool.swift; sourceTree = "<group>"; };
		126AD51B613FFC9F3B4474C7 /* Project.swift */ = {isa = PBXFileReference; lastKnownFileType = sourcecode.swift; path = Project.swift; sourceTree = "<group>"; };
		15E2C101327D8B35DBDE8223 /* SessionRegressionTests.swift */ = {isa = PBXFileReference; lastKnownFileType = sourcecode.swift; path = SessionRegressionTests.swift; sourceTree = "<group>"; };
		171819761DB744C3E56AA499 /* Security.swift */ = {isa = PBXFileReference; lastKnownFileType = sourcecode.swift; path = Security.swift; sourceTree = "<group>"; };
		19C0373720418992928F49D9 /* MenuBarController.swift */ = {isa = PBXFileReference; lastKnownFileType = sourcecode.swift; path = MenuBarController.swift; sourceTree = "<group>"; };
		1AF89DD40946291B82206243 /* ToolCallCard.swift */ = {isa = PBXFileReference; lastKnownFileType = sourcecode.swift; path = ToolCallCard.swift; sourceTree = "<group>"; };
		1C839DEE30EE04BE88444626 /* lmstudio-v0-synthetic.json */ = {isa = PBXFileReference; lastKnownFileType = text.json; path = "lmstudio-v0-synthetic.json"; sourceTree = "<group>"; };
		1D333D752F52D03FA45A626B /* PetLiveSessionTests.swift */ = {isa = PBXFileReference; lastKnownFileType = sourcecode.swift; path = PetLiveSessionTests.swift; sourceTree = "<group>"; };
		1E9505329737F6B909EFA1C7 /* ListDirectoryTool.swift */ = {isa = PBXFileReference; lastKnownFileType = sourcecode.swift; path = ListDirectoryTool.swift; sourceTree = "<group>"; };
		2235E93481E9B9EB883C4CA7 /* PetStorageError.swift */ = {isa = PBXFileReference; lastKnownFileType = sourcecode.swift; path = PetStorageError.swift; sourceTree = "<group>"; };
		235E047B7FFA9063CE38C866 /* Pets */ = {isa = PBXFileReference; lastKnownFileType = folder; name = Pets; path = "maclm-agent/Resources/Pets"; sourceTree = SOURCE_ROOT; };
		249A3EEF0B4F9A4ECAD9B553 /* SecurityRulePersistenceTests.swift */ = {isa = PBXFileReference; lastKnownFileType = sourcecode.swift; path = SecurityRulePersistenceTests.swift; sourceTree = "<group>"; };
		25DFA4B18EA7846FC61CB35D /* lmstudio-v1-live-0.4.25.json */ = {isa = PBXFileReference; lastKnownFileType = text.json; path = "lmstudio-v1-live-0.4.25.json"; sourceTree = "<group>"; };
		270AB5B6193643EDF8B0BE02 /* ClipboardActionStore.swift */ = {isa = PBXFileReference; lastKnownFileType = sourcecode.swift; path = ClipboardActionStore.swift; sourceTree = "<group>"; };
		2740CB12D6FBFF14519915BF /* CheckpointTests.swift */ = {isa = PBXFileReference; lastKnownFileType = sourcecode.swift; path = CheckpointTests.swift; sourceTree = "<group>"; };
		2755DCD83580F8336144E6E2 /* ollama-ps-synthetic.json */ = {isa = PBXFileReference; lastKnownFileType = text.json; path = "ollama-ps-synthetic.json"; sourceTree = "<group>"; };
		2D493AF6764EBC2114DE5BA2 /* lmstudio-v1-synthetic.json */ = {isa = PBXFileReference; lastKnownFileType = text.json; path = "lmstudio-v1-synthetic.json"; sourceTree = "<group>"; };
		2EA6D13AD6FCC123FC674510 /* PetPanelTests.swift */ = {isa = PBXFileReference; lastKnownFileType = sourcecode.swift; path = PetPanelTests.swift; sourceTree = "<group>"; };
		329817F610B22EF635ABE304 /* RunTraceTests.swift */ = {isa = PBXFileReference; lastKnownFileType = sourcecode.swift; path = RunTraceTests.swift; sourceTree = "<group>"; };
		330108579FE774A9EF054FBE /* ClipboardActionsSettingsView.swift */ = {isa = PBXFileReference; lastKnownFileType = sourcecode.swift; path = ClipboardActionsSettingsView.swift; sourceTree = "<group>"; };
		333E084E43AB611FFC114851 /* ClipboardActionSeeder.swift */ = {isa = PBXFileReference; lastKnownFileType = sourcecode.swift; path = ClipboardActionSeeder.swift; sourceTree = "<group>"; };
		340857EC8D08BC6974E07CB0 /* LegacyPolicyCharacterizationTests.swift */ = {isa = PBXFileReference; lastKnownFileType = sourcecode.swift; path = LegacyPolicyCharacterizationTests.swift; sourceTree = "<group>"; };
		34F727917869B9B5C8186223 /* ProviderSettingsView.swift */ = {isa = PBXFileReference; lastKnownFileType = sourcecode.swift; path = ProviderSettingsView.swift; sourceTree = "<group>"; };
		37F5F94DD0C6655E0949B69B /* Tools.swift */ = {isa = PBXFileReference; lastKnownFileType = sourcecode.swift; path = Tools.swift; sourceTree = "<group>"; };
		388997488919851EE4EF1465 /* Carbon.framework */ = {isa = PBXFileReference; lastKnownFileType = wrapper.framework; name = Carbon.framework; path = System/Library/Frameworks/Carbon.framework; sourceTree = SDKROOT; };
		399571D76E117021939561D0 /* LegacyContextAdapters.swift */ = {isa = PBXFileReference; lastKnownFileType = sourcecode.swift; path = LegacyContextAdapters.swift; sourceTree = "<group>"; };
		39A8F15CCD4A4BE84177CD7D /* AuditEntry.swift */ = {isa = PBXFileReference; lastKnownFileType = sourcecode.swift; path = AuditEntry.swift; sourceTree = "<group>"; };
		3DB30ABBFC413385D57DFE14 /* RunTraceView.swift */ = {isa = PBXFileReference; lastKnownFileType = sourcecode.swift; path = RunTraceView.swift; sourceTree = "<group>"; };
		416B42A72512F88E828F97FE /* SecurityRule.swift */ = {isa = PBXFileReference; lastKnownFileType = sourcecode.swift; path = SecurityRule.swift; sourceTree = "<group>"; };
		4210CD2CE221823E2B513790 /* SessionRunner.swift */ = {isa = PBXFileReference; lastKnownFileType = sourcecode.swift; path = SessionRunner.swift; sourceTree = "<group>"; };
		468894D9A9CE1F5B5A34B943 /* SessionNotificationTests.swift */ = {isa = PBXFileReference; lastKnownFileType = sourcecode.swift; path = SessionNotificationTests.swift; sourceTree = "<group>"; };
		48A25DE7221DB9887518A128 /* ClipboardActionTests.swift */ = {isa = PBXFileReference; lastKnownFileType = sourcecode.swift; path = ClipboardActionTests.swift; sourceTree = "<group>"; };
		4A42314D2A334968F30F0EDD /* AgentLoopEvents.swift */ = {isa = PBXFileReference; lastKnownFileType = sourcecode.swift; path = AgentLoopEvents.swift; sourceTree = "<group>"; };
		4DC99D12EE79B8787909E6EC /* ClipboardActionDeletionDuringRunTests.swift */ = {isa = PBXFileReference; lastKnownFileType = sourcecode.swift; path = ClipboardActionDeletionDuringRunTests.swift; sourceTree = "<group>"; };
		4E23816F6C486AE5CD62A9C6 /* ApplicationProtection.swift */ = {isa = PBXFileReference; lastKnownFileType = sourcecode.swift; path = ApplicationProtection.swift; sourceTree = "<group>"; };
		4E3478489BC7B59E6914D735 /* ClipboardActionRunnerTests.swift */ = {isa = PBXFileReference; lastKnownFileType = sourcecode.swift; path = ClipboardActionRunnerTests.swift; sourceTree = "<group>"; };
		50F663BF35DBA5A2AAC5D913 /* SessionPermissionsTests.swift */ = {isa = PBXFileReference; lastKnownFileType = sourcecode.swift; path = SessionPermissionsTests.swift; sourceTree = "<group>"; };
		5137C257D3117EC2EE3B7FB7 /* workspace-v0.4.1.store */ = {isa = PBXFileReference; path = "workspace-v0.4.1.store"; sourceTree = "<group>"; };
		5267F4DFB5893735FE114087 /* PetBubbleNativeTests.swift */ = {isa = PBXFileReference; lastKnownFileType = sourcecode.swift; path = PetBubbleNativeTests.swift; sourceTree = "<group>"; };
		53EE6DAD4705F1077DCD7840 /* DangerousToolTests.swift */ = {isa = PBXFileReference; lastKnownFileType = sourcecode.swift; path = DangerousToolTests.swift; sourceTree = "<group>"; };
		54FD552F1BEE7FF9042D3834 /* PetStoreFixture.swift */ = {isa = PBXFileReference; lastKnownFileType = sourcecode.swift; path = PetStoreFixture.swift; sourceTree = "<group>"; };
		57B1AD102B0E83F287F15DAA /* ProjectEditorView.swift */ = {isa = PBXFileReference; lastKnownFileType = sourcecode.swift; path = ProjectEditorView.swift; sourceTree = "<group>"; };
		57F14602E8D742855118E434 /* SessionNotifications.swift */ = {isa = PBXFileReference; lastKnownFileType = sourcecode.swift; path = SessionNotifications.swift; sourceTree = "<group>"; };
		5949F90EAE07570383CC2C52 /* PetView.swift */ = {isa = PBXFileReference; lastKnownFileType = sourcecode.swift; path = PetView.swift; sourceTree = "<group>"; };
		5A9F3B73AD15CBD14E25919E /* ToolInvocationContext.swift */ = {isa = PBXFileReference; lastKnownFileType = sourcecode.swift; path = ToolInvocationContext.swift; sourceTree = "<group>"; };
		5CC5C9ECF4A156064477B664 /* SecurityRuleEditor.swift */ = {isa = PBXFileReference; lastKnownFileType = sourcecode.swift; path = SecurityRuleEditor.swift; sourceTree = "<group>"; };
		5DD9F645395A145B8FD101C5 /* PasteServiceTests.swift */ = {isa = PBXFileReference; lastKnownFileType = sourcecode.swift; path = PasteServiceTests.swift; sourceTree = "<group>"; };
		603CE4C320E25C721D0B46A9 /* ContextUsage.swift */ = {isa = PBXFileReference; lastKnownFileType = sourcecode.swift; path = ContextUsage.swift; sourceTree = "<group>"; };
		60D25C5FDA38DB2329E7F4D9 /* PetState.swift */ = {isa = PBXFileReference; lastKnownFileType = sourcecode.swift; path = PetState.swift; sourceTree = "<group>"; };
		620D068C128C9FFFC32B6336 /* LMStudioProvider.swift */ = {isa = PBXFileReference; lastKnownFileType = sourcecode.swift; path = LMStudioProvider.swift; sourceTree = "<group>"; };
		6281F2D35171896FCEB0EAB3 /* RegexValidation.h */ = {isa = PBXFileReference; lastKnownFileType = sourcecode.c.h; path = RegexValidation.h; sourceTree = "<group>"; };
		628C0E0AE27881D1D6ED3CD7 /* KeychainService.swift */ = {isa = PBXFileReference; lastKnownFileType = sourcecode.swift; path = KeychainService.swift; sourceTree = "<group>"; };
		6295D35C74655F1379C531E8 /* ClipboardActionTemplate.swift */ = {isa = PBXFileReference; lastKnownFileType = sourcecode.swift; path = ClipboardActionTemplate.swift; sourceTree = "<group>"; };
		62C109D06DC09168F2F10AE0 /* WorkspaceInspection.swift */ = {isa = PBXFileReference; lastKnownFileType = sourcecode.swift; path = WorkspaceInspection.swift; sourceTree = "<group>"; };
		63A61B8098B517DCF8A97F95 /* RiskLevel.swift */ = {isa = PBXFileReference; lastKnownFileType = sourcecode.swift; path = RiskLevel.swift; sourceTree = "<group>"; };
		65E7153BD4FDCEE192237E0B /* CheckpointViews.swift */ = {isa = PBXFileReference; lastKnownFileType = sourcecode.swift; path = CheckpointViews.swift; sourceTree = "<group>"; };
		68B011F71E42B85FCE11DCAC /* ProviderDiscovery.swift */ = {isa = PBXFileReference; lastKnownFileType = sourcecode.swift; path = ProviderDiscovery.swift; sourceTree = "<group>"; };
		696A45402D055BF8573B86B7 /* PetRuntime.swift */ = {isa = PBXFileReference; lastKnownFileType = sourcecode.swift; path = PetRuntime.swift; sourceTree = "<group>"; };
		69BE55A4C27611B51D2573AD /* ChatViewModel+Storage.swift */ = {isa = PBXFileReference; lastKnownFileType = sourcecode.swift; path = "ChatViewModel+Storage.swift"; sourceTree = "<group>"; };
		6B41F2B2BD4425E9A6A71AA6 /* PetBubbleTests.swift */ = {isa = PBXFileReference; lastKnownFileType = sourcecode.swift; path = PetBubbleTests.swift; sourceTree = "<group>"; };
		6BBC58753B7CA69E1D2F38FA /* OllamaNDJSONParser.swift */ = {isa = PBXFileReference; lastKnownFileType = sourcecode.swift; path = OllamaNDJSONParser.swift; sourceTree = "<group>"; };
		6C8CDD0C4EBC99C3DEE75DCC /* MacLMAgentTests.swift */ = {isa = PBXFileReference; lastKnownFileType = sourcecode.swift; path = MacLMAgentTests.swift; sourceTree = "<group>"; };
		6E75FA48D101A76914D2A00A /* PetBubbleView.swift */ = {isa = PBXFileReference; lastKnownFileType = sourcecode.swift; path = PetBubbleView.swift; sourceTree = "<group>"; };
		706DC256A6ABF272FE181D01 /* ClipboardHotkeyService.swift */ = {isa = PBXFileReference; lastKnownFileType = sourcecode.swift; path = ClipboardHotkeyService.swift; sourceTree = "<group>"; };
		7395128DD6A267D5097E2993 /* PathCanonicalizer.swift */ = {isa = PBXFileReference; lastKnownFileType = sourcecode.swift; path = PathCanonicalizer.swift; sourceTree = "<group>"; };
		7415146F0934BB6DBC10EA32 /* SecurityRulesSettingsView.swift */ = {isa = PBXFileReference; lastKnownFileType = sourcecode.swift; path = SecurityRulesSettingsView.swift; sourceTree = "<group>"; };
		7455824022603B4B95DBF8A9 /* PetLibraryTests.swift */ = {isa = PBXFileReference; lastKnownFileType = sourcecode.swift; path = PetLibraryTests.swift; sourceTree = "<group>"; };
		7712919F4841548F31F3177A /* AuditLogView.swift */ = {isa = PBXFileReference; lastKnownFileType = sourcecode.swift; path = AuditLogView.swift; sourceTree = "<group>"; };
		7C508F8649E5A34F5599F4D9 /* ToolTests.swift */ = {isa = PBXFileReference; lastKnownFileType = sourcecode.swift; path = ToolTests.swift; sourceTree = "<group>"; };
		7E7D928A7CF4B09DF30D6FA8 /* ChatViewModel.swift */ = {isa = PBXFileReference; lastKnownFileType = sourcecode.swift; path = ChatViewModel.swift; sourceTree = "<group>"; };
		7F9695EE0B91CC1967811265 /* SecurityRuleSeeder.swift */ = {isa = PBXFileReference; lastKnownFileType = sourcecode.swift; path = SecurityRuleSeeder.swift; sourceTree = "<group>"; };
		830CD7A06CA4FFC1BC57455A /* SecurityPolicyEngine.swift */ = {isa = PBXFileReference; lastKnownFileType = sourcecode.swift; path = SecurityPolicyEngine.swift; sourceTree = "<group>"; };
		85401CE6557E769B5005815D /* ChatView.swift */ = {isa = PBXFileReference; lastKnownFileType = sourcecode.swift; path = ChatView.swift; sourceTree = "<group>"; };
		85C908B3755176AE72C5E947 /* DeleteFileTool.swift */ = {isa = PBXFileReference; lastKnownFileType = sourcecode.swift; path = DeleteFileTool.swift; sourceTree = "<group>"; };
		86BCA32E3F090D0A65B11DED /* AutoTitleService.swift */ = {isa = PBXFileReference; lastKnownFileType = sourcecode.swift; path = AutoTitleService.swift; sourceTree = "<group>"; };
		88C37C8587FBD88D9D00D3A7 /* PetApprovalPolicy.swift */ = {isa = PBXFileReference; lastKnownFileType = sourcecode.swift; path = PetApprovalPolicy.swift; sourceTree = "<group>"; };
		89734BC8E6513976A8460E93 /* PetStateTests.swift */ = {isa = PBXFileReference; lastKnownFileType = sourcecode.swift; path = PetStateTests.swift; sourceTree = "<group>"; };
		899F620FC34AB665DBAB930B /* CheckpointMigrationTests.swift */ = {isa = PBXFileReference; lastKnownFileType = sourcecode.swift; path = CheckpointMigrationTests.swift; sourceTree = "<group>"; };
		8BD2BA157B0D9D2883D13DCB /* ComposerTests.swift */ = {isa = PBXFileReference; lastKnownFileType = sourcecode.swift; path = ComposerTests.swift; sourceTree = "<group>"; };
		8E227070DA0FE5685CC90F62 /* LLM.swift */ = {isa = PBXFileReference; lastKnownFileType = sourcecode.swift; path = LLM.swift; sourceTree = "<group>"; };
		900CC41233B21B418D24556A /* ModelSettingsTests.swift */ = {isa = PBXFileReference; lastKnownFileType = sourcecode.swift; path = ModelSettingsTests.swift; sourceTree = "<group>"; };
		919F859F7CCBDD13F7190289 /* maclm-agentTests.xctest */ = {isa = PBXFileReference; explicitFileType = wrapper.cfbundle; includeInIndex = 0; path = "maclm-agentTests.xctest"; sourceTree = BUILT_PRODUCTS_DIR; };
		9279AAB48A9720B0E564EF6F /* SecurityPolicyTests.swift */ = {isa = PBXFileReference; lastKnownFileType = sourcecode.swift; path = SecurityPolicyTests.swift; sourceTree = "<group>"; };
		92A7AB91B2BE3F44707A2F97 /* ProviderCoordinator.swift */ = {isa = PBXFileReference; lastKnownFileType = sourcecode.swift; path = ProviderCoordinator.swift; sourceTree = "<group>"; };
		92F8346C91C56E7DA439A234 /* WorkspaceMigrationTests.swift */ = {isa = PBXFileReference; lastKnownFileType = sourcecode.swift; path = WorkspaceMigrationTests.swift; sourceTree = "<group>"; };
		92F8D00CE9028A5B3792F7EC /* SceneActions.swift */ = {isa = PBXFileReference; lastKnownFileType = sourcecode.swift; path = SceneActions.swift; sourceTree = "<group>"; };
		93644C8336FE627BD3F3F299 /* MacLMAgentApp.swift */ = {isa = PBXFileReference; lastKnownFileType = sourcecode.swift; path = MacLMAgentApp.swift; sourceTree = "<group>"; };
		96966D81F468E865735C4DAD /* RunTrace.swift */ = {isa = PBXFileReference; lastKnownFileType = sourcecode.swift; path = RunTrace.swift; sourceTree = "<group>"; };
		9932C5918944EB1D55ABFDDC /* PetLibrary.swift */ = {isa = PBXFileReference; lastKnownFileType = sourcecode.swift; path = PetLibrary.swift; sourceTree = "<group>"; };
		9AE35BD3F9F14AAC825E1ACE /* QuickActionPickerController.swift */ = {isa = PBXFileReference; lastKnownFileType = sourcecode.swift; path = QuickActionPickerController.swift; sourceTree = "<group>"; };
		9BE7398ECA365F5138E806E8 /* Core.swift */ = {isa = PBXFileReference; lastKnownFileType = sourcecode.swift; path = Core.swift; sourceTree = "<group>"; };
		9C6567EB104614A78B8B63D5 /* WorkingDirectoryValidator.swift */ = {isa = PBXFileReference; lastKnownFileType = sourcecode.swift; path = WorkingDirectoryValidator.swift; sourceTree = "<group>"; };
		9D5211EC914BE4690C2B0B08 /* ShortcutRecorder.swift */ = {isa = PBXFileReference; lastKnownFileType = sourcecode.swift; path = ShortcutRecorder.swift; sourceTree = "<group>"; };
		9D94B163E4F6F504F339A8D6 /* PetController.swift */ = {isa = PBXFileReference; lastKnownFileType = sourcecode.swift; path = PetController.swift; sourceTree = "<group>"; };
		9FB9144735F92BBD3A61EDDC /* ShellProcessTests.swift */ = {isa = PBXFileReference; lastKnownFileType = sourcecode.swift; path = ShellProcessTests.swift; sourceTree = "<group>"; };
		9FE5F86C22039A7CCC3A2E81 /* WorkspaceInspectorView.swift */ = {isa = PBXFileReference; lastKnownFileType = sourcecode.swift; path = WorkspaceInspectorView.swift; sourceTree = "<group>"; };
		A0E1EF7838811397B8E119DB /* ReadFileTool.swift */ = {isa = PBXFileReference; lastKnownFileType = sourcecode.swift; path = ReadFileTool.swift; sourceTree = "<group>"; };
		A1B68337BBCC32918FC5D011 /* SessionRunnerPersistence.swift */ = {isa = PBXFileReference; lastKnownFileType = sourcecode.swift; path = SessionRunnerPersistence.swift; sourceTree = "<group>"; };
		A25A23370D90320D7E524F8F /* PasteService.swift */ = {isa = PBXFileReference; lastKnownFileType = sourcecode.swift; path = PasteService.swift; sourceTree = "<group>"; };
		A3DF5BCF95C6307A82F1856E /* MainWindowView.swift */ = {isa = PBXFileReference; lastKnownFileType = sourcecode.swift; path = MainWindowView.swift; sourceTree = "<group>"; };
		A3F9C91AD4CBB8E71BA32167 /* PetBubbleModel.swift */ = {isa = PBXFileReference; lastKnownFileType = sourcecode.swift; path = PetBubbleModel.swift; sourceTree = "<group>"; };
		A5023E2DA958DA7F4646AAF5 /* Localizable.xcstrings */ = {isa = PBXFileReference; lastKnownFileType = text.json.xcstrings; path = Localizable.xcstrings; sourceTree = "<group>"; };
		A6A782FDABF4C6E0ABE5F9F3 /* PetPanel.swift */ = {isa = PBXFileReference; lastKnownFileType = sourcecode.swift; path = PetPanel.swift; sourceTree = "<group>"; };
		A6F37E292CEC3EF2103BE3AD /* InterfaceLocalization.swift */ = {isa = PBXFileReference; lastKnownFileType = sourcecode.swift; path = InterfaceLocalization.swift; sourceTree = "<group>"; };
		ABADBD1A85FF4C5A0371B282 /* ConfirmationCard.swift */ = {isa = PBXFileReference; lastKnownFileType = sourcecode.swift; path = ConfirmationCard.swift; sourceTree = "<group>"; };
		AC33D6EE8CAE65932EFE8187 /* PetNativeEventTests.swift */ = {isa = PBXFileReference; lastKnownFileType = sourcecode.swift; path = PetNativeEventTests.swift; sourceTree = "<group>"; };
		ACFB3F48EBCF00ED30BB396D /* ClipboardActionRunner.swift */ = {isa = PBXFileReference; lastKnownFileType = sourcecode.swift; path = ClipboardActionRunner.swift; sourceTree = "<group>"; };
		B0D6E014377C063CC42806C0 /* WorkspaceSupport.swift */ = {isa = PBXFileReference; lastKnownFileType = sourcecode.swift; path = WorkspaceSupport.swift; sourceTree = "<group>"; };
		B15433856EDC6CA975D1D26E /* CheckpointLoopTests.swift */ = {isa = PBXFileReference; lastKnownFileType = sourcecode.swift; path = CheckpointLoopTests.swift; sourceTree = "<group>"; };
		B218B4009854150B155CF8E9 /* WriteFileTool.swift */ = {isa = PBXFileReference; lastKnownFileType = sourcecode.swift; path = WriteFileTool.swift; sourceTree = "<group>"; };
		B244346F19D3F6FD539F84AA /* ollama-tags-synthetic.json */ = {isa = PBXFileReference; lastKnownFileType = text.json; path = "ollama-tags-synthetic.json"; sourceTree = "<group>"; };
		B7D70134980544BF9B4F6E55 /* MessageMapping.swift */ = {isa = PBXFileReference; lastKnownFileType = sourcecode.swift; path = MessageMapping.swift; sourceTree = "<group>"; };
		B87C8C464D73D6BDE12A2532 /* AccessibilityPermissionService.swift */ = {isa = PBXFileReference; lastKnownFileType = sourcecode.swift; path = AccessibilityPermissionService.swift; sourceTree = "<group>"; };
		B8990D336DD1FD5302D25B64 /* ClipboardAccess.swift */ = {isa = PBXFileReference; lastKnownFileType = sourcecode.swift; path = ClipboardAccess.swift; sourceTree = "<group>"; };
		B97A3099DCC2211F043E4378 /* Conversation.swift */ = {isa = PBXFileReference; lastKnownFileType = sourcecode.swift; path = Conversation.swift; sourceTree = "<group>"; };
		BA8753F536A9778DC1DB2D32 /* lmstudio-models-live.json */ = {isa = PBXFileReference; lastKnownFileType = text.json; path = "lmstudio-models-live.json"; sourceTree = "<group>"; };
		BAE50E7AB714973948F3E0EC /* AppSettings.swift */ = {isa = PBXFileReference; lastKnownFileType = sourcecode.swift; path = AppSettings.swift; sourceTree = "<group>"; };
		BB459D3ACF66313FC02F21C5 /* ClipboardActionEditorView.swift */ = {isa = PBXFileReference; lastKnownFileType = sourcecode.swift; path = ClipboardActionEditorView.swift; sourceTree = "<group>"; };
		BD2A3EE346D287B95D6C981D /* Message.swift */ = {isa = PBXFileReference; lastKnownFileType = sourcecode.swift; path = Message.swift; sourceTree = "<group>"; };
		BEF8A55530D310F048D14BDF /* WorkspaceTests.swift */ = {isa = PBXFileReference; lastKnownFileType = sourcecode.swift; path = WorkspaceTests.swift; sourceTree = "<group>"; };
		C046215F215DF0CC1686F1E2 /* OllamaProvider.swift */ = {isa = PBXFileReference; lastKnownFileType = sourcecode.swift; path = OllamaProvider.swift; sourceTree = "<group>"; };
		C098644BAC87EF238516C246 /* lmstudio-openai-live-0.4.25.json */ = {isa = PBXFileReference; lastKnownFileType = text.json; path = "lmstudio-openai-live-0.4.25.json"; sourceTree = "<group>"; };
		C22E34A240B86CDF68586BAC /* PetManifest.swift */ = {isa = PBXFileReference; lastKnownFileType = sourcecode.swift; path = PetManifest.swift; sourceTree = "<group>"; };
		C3D062E873B44FE2E2A97E6A /* ollama-usage-synthetic.ndjson */ = {isa = PBXFileReference; path = "ollama-usage-synthetic.ndjson"; sourceTree = "<group>"; };
		C458AC82EC6264FBB2B799ED /* SecuritySettingsView.swift */ = {isa = PBXFileReference; lastKnownFileType = sourcecode.swift; path = SecuritySettingsView.swift; sourceTree = "<group>"; };
		C61C94419BF0F26D732FE634 /* CheckpointStore.swift */ = {isa = PBXFileReference; lastKnownFileType = sourcecode.swift; path = CheckpointStore.swift; sourceTree = "<group>"; };
		C858EF1FABE027FA0BDF18D2 /* PetStore.swift */ = {isa = PBXFileReference; lastKnownFileType = sourcecode.swift; path = PetStore.swift; sourceTree = "<group>"; };
		C91D73A066E7938684668328 /* SettingsView.swift */ = {isa = PBXFileReference; lastKnownFileType = sourcecode.swift; path = SettingsView.swift; sourceTree = "<group>"; };
		CDA8F2610510CF65EA77A7ED /* maclm-agent.app */ = {isa = PBXFileReference; explicitFileType = wrapper.application; includeInIndex = 0; path = "maclm-agent.app"; sourceTree = BUILT_PRODUCTS_DIR; };
		CF18A5AEAC0D880F1EEA4929 /* PetResourceTests.swift */ = {isa = PBXFileReference; lastKnownFileType = sourcecode.swift; path = PetResourceTests.swift; sourceTree = "<group>"; };
		CF774AB249F2AA413AE63452 /* Checkpoint.swift */ = {isa = PBXFileReference; lastKnownFileType = sourcecode.swift; path = Checkpoint.swift; sourceTree = "<group>"; };
		D03252BCAAD7CD67428F57B4 /* SessionRunnerTests.swift */ = {isa = PBXFileReference; lastKnownFileType = sourcecode.swift; path = SessionRunnerTests.swift; sourceTree = "<group>"; };
		D0D05AD22163F33DFCF7413E /* SessionContextMigrationTests.swift */ = {isa = PBXFileReference; lastKnownFileType = sourcecode.swift; path = SessionContextMigrationTests.swift; sourceTree = "<group>"; };
		D13ABB7F2D35AF78398A1C5F /* PetStoreTests.swift */ = {isa = PBXFileReference; lastKnownFileType = sourcecode.swift; path = PetStoreTests.swift; sourceTree = "<group>"; };
		D14B77D4CFDA3E258F60BBD0 /* RunShellTool.swift */ = {isa = PBXFileReference; lastKnownFileType = sourcecode.swift; path = RunShellTool.swift; sourceTree = "<group>"; };
		D67D598F8228B583F247D35B /* AuditLogTests.swift */ = {isa = PBXFileReference; lastKnownFileType = sourcecode.swift; path = AuditLogTests.swift; sourceTree = "<group>"; };
		D7D6C8C109238D93F2ADCA27 /* PetFileAccess.swift */ = {isa = PBXFileReference; lastKnownFileType = sourcecode.swift; path = PetFileAccess.swift; sourceTree = "<group>"; };
		DA4990A139107B6EAC770FE5 /* SessionRunnerRegistry.swift */ = {isa = PBXFileReference; lastKnownFileType = sourcecode.swift; path = SessionRunnerRegistry.swift; sourceTree = "<group>"; };
		DA6A99809CABE1E56F89F722 /* ProjectPerimeterTests.swift */ = {isa = PBXFileReference; lastKnownFileType = sourcecode.swift; path = ProjectPerimeterTests.swift; sourceTree = "<group>"; };
		DD468E05FD03A5043CFDAE0B /* QuickActionPickerModel.swift */ = {isa = PBXFileReference; lastKnownFileType = sourcecode.swift; path = QuickActionPickerModel.swift; sourceTree = "<group>"; };
		DFE0E6EB345F3D7151A8998B /* SettingsAndKeychainTests.swift */ = {isa = PBXFileReference; lastKnownFileType = sourcecode.swift; path = SettingsAndKeychainTests.swift; sourceTree = "<group>"; };
		E09A375F450E01A949AF1CAF /* ClipboardActionStoreTests.swift */ = {isa = PBXFileReference; lastKnownFileType = sourcecode.swift; path = ClipboardActionStoreTests.swift; sourceTree = "<group>"; };
		E0B0D6547534ACFAA1181417 /* ApplicationRuntime.swift */ = {isa = PBXFileReference; lastKnownFileType = sourcecode.swift; path = ApplicationRuntime.swift; sourceTree = "<group>"; };
		E1215A5DE9FA66DB0EC766FC /* ComposerView.swift */ = {isa = PBXFileReference; lastKnownFileType = sourcecode.swift; path = ComposerView.swift; sourceTree = "<group>"; };
		E1B0B979529E33A19B67E1ED /* QuickActionPickerView.swift */ = {isa = PBXFileReference; lastKnownFileType = sourcecode.swift; path = QuickActionPickerView.swift; sourceTree = "<group>"; };
		E29222DF1BC309839D6F4F7F /* CheckpointService.swift */ = {isa = PBXFileReference; lastKnownFileType = sourcecode.swift; path = CheckpointService.swift; sourceTree = "<group>"; };
		E30C2ABA14D6698C7823FE00 /* ConversationListView.swift */ = {isa = PBXFileReference; lastKnownFileType = sourcecode.swift; path = ConversationListView.swift; sourceTree = "<group>"; };
		E3B4E2903A5C74F659D94A33 /* ollama-show-synthetic.json */ = {isa = PBXFileReference; lastKnownFileType = text.json; path = "ollama-show-synthetic.json"; sourceTree = "<group>"; };
		E726C38719DC47EF6E82A644 /* SecurityRuleEditorTests.swift */ = {isa = PBXFileReference; lastKnownFileType = sourcecode.swift; path = SecurityRuleEditorTests.swift; sourceTree = "<group>"; };
		E9936E6A8DD8E2727B4AF0C3 /* SearchFilesTool.swift */ = {isa = PBXFileReference; lastKnownFileType = sourcecode.swift; path = SearchFilesTool.swift; sourceTree = "<group>"; };
		EB36C62F087DF9B563EDD289 /* ModelInfo.swift */ = {isa = PBXFileReference; lastKnownFileType = sourcecode.swift; path = ModelInfo.swift; sourceTree = "<group>"; };
		EBEFFB854A6EDDE79EC2CF95 /* ClipboardAction.swift */ = {isa = PBXFileReference; lastKnownFileType = sourcecode.swift; path = ClipboardAction.swift; sourceTree = "<group>"; };
		ED4F0123BC5C7F0347D8D885 /* MenuBarContentView.swift */ = {isa = PBXFileReference; lastKnownFileType = sourcecode.swift; path = MenuBarContentView.swift; sourceTree = "<group>"; };
		EE4AA899A79BDD30534C5BBC /* PetSettingsView.swift */ = {isa = PBXFileReference; lastKnownFileType = sourcecode.swift; path = PetSettingsView.swift; sourceTree = "<group>"; };
		F0D6F843353AC35DA999F2CE /* DefaultClipboardActions.swift */ = {isa = PBXFileReference; lastKnownFileType = sourcecode.swift; path = DefaultClipboardActions.swift; sourceTree = "<group>"; };
		F231B04B4566BB6105DC1EF3 /* SSEParser.swift */ = {isa = PBXFileReference; lastKnownFileType = sourcecode.swift; path = SSEParser.swift; sourceTree = "<group>"; };
		F2C96102770327439C7769C4 /* ToolCall.swift */ = {isa = PBXFileReference; lastKnownFileType = sourcecode.swift; path = ToolCall.swift; sourceTree = "<group>"; };
		F385F4BF5D0886C04DCBC378 /* GlobalHotKey.swift */ = {isa = PBXFileReference; lastKnownFileType = sourcecode.swift; path = GlobalHotKey.swift; sourceTree = "<group>"; };
		F546E24782D179B1A6BFCD37 /* README.md */ = {isa = PBXFileReference; lastKnownFileType = net.daringfireball.markdown; path = README.md; sourceTree = "<group>"; };
		F6534FFD253201A037C8ECDE /* PetPosition.swift */ = {isa = PBXFileReference; lastKnownFileType = sourcecode.swift; path = PetPosition.swift; sourceTree = "<group>"; };
		F79ED3D03B62F97048C24780 /* ollama-context-ps-synthetic.json */ = {isa = PBXFileReference; lastKnownFileType = text.json; path = "ollama-context-ps-synthetic.json"; sourceTree = "<group>"; };
		FB6BFAFA6D53938C4DFD77AD /* PetBubblePanel.swift */ = {isa = PBXFileReference; lastKnownFileType = sourcecode.swift; path = PetBubblePanel.swift; sourceTree = "<group>"; };
		FBF78F007C4C4485D688F383 /* PetLoader.swift */ = {isa = PBXFileReference; lastKnownFileType = sourcecode.swift; path = PetLoader.swift; sourceTree = "<group>"; };
		FC417D493B2003D8D3C9F01A /* SessionContextTests.swift */ = {isa = PBXFileReference; lastKnownFileType = sourcecode.swift; path = SessionContextTests.swift; sourceTree = "<group>"; };
		FF7AA82AAB0F3A4662E29571 /* CheckpointFileState.swift */ = {isa = PBXFileReference; lastKnownFileType = sourcecode.swift; path = CheckpointFileState.swift; sourceTree = "<group>"; };
		FFCCB665FEC407510EAAA278 /* RiskLevelTests.swift */ = {isa = PBXFileReference; lastKnownFileType = sourcecode.swift; path = RiskLevelTests.swift; sourceTree = "<group>"; };
/* End PBXFileReference section */

/* Begin PBXFrameworksBuildPhase section */
		BB626F2528DDA66F33B35382 /* Frameworks */ = {
			isa = PBXFrameworksBuildPhase;
			buildActionMask = 2147483647;
			files = (
				C22BDAE553632DD460A719EA /* Carbon.framework in Frameworks */,
				7F978E119186397F41476F03 /* Security.framework in Frameworks */,
			);
			runOnlyForDeploymentPostprocessing = 0;
		};
/* End PBXFrameworksBuildPhase section */

/* Begin PBXGroup section */
		14A715C7AFEA62107DB6B078 /* UI */ = {
			isa = PBXGroup;
			children = (
				7712919F4841548F31F3177A /* AuditLogView.swift */,
				85401CE6557E769B5005815D /* ChatView.swift */,
				65E7153BD4FDCEE192237E0B /* CheckpointViews.swift */,
				0D477804E7DF4CDB820C3BA9 /* ClipboardActionEditorModels.swift */,
				BB459D3ACF66313FC02F21C5 /* ClipboardActionEditorView.swift */,
				330108579FE774A9EF054FBE /* ClipboardActionsSettingsView.swift */,
				E1215A5DE9FA66DB0EC766FC /* ComposerView.swift */,
				ABADBD1A85FF4C5A0371B282 /* ConfirmationCard.swift */,
				E30C2ABA14D6698C7823FE00 /* ConversationListView.swift */,
				A6F37E292CEC3EF2103BE3AD /* InterfaceLocalization.swift */,
				A3DF5BCF95C6307A82F1856E /* MainWindowView.swift */,
				ED4F0123BC5C7F0347D8D885 /* MenuBarContentView.swift */,
				57B1AD102B0E83F287F15DAA /* ProjectEditorView.swift */,
				34F727917869B9B5C8186223 /* ProviderSettingsView.swift */,
				E1B0B979529E33A19B67E1ED /* QuickActionPickerView.swift */,
				96966D81F468E865735C4DAD /* RunTrace.swift */,
				3DB30ABBFC413385D57DFE14 /* RunTraceView.swift */,
				7415146F0934BB6DBC10EA32 /* SecurityRulesSettingsView.swift */,
				C458AC82EC6264FBB2B799ED /* SecuritySettingsView.swift */,
				C91D73A066E7938684668328 /* SettingsView.swift */,
				9D5211EC914BE4690C2B0B08 /* ShortcutRecorder.swift */,
				1AF89DD40946291B82206243 /* ToolCallCard.swift */,
				9FE5F86C22039A7CCC3A2E81 /* WorkspaceInspectorView.swift */,
			);
			path = UI;
			sourceTree = "<group>";
		};
		327F6121BE4C2A95EE8E1E7A /* SessionContext */ = {
			isa = PBXGroup;
			children = (
				BA8753F536A9778DC1DB2D32 /* lmstudio-models-live.json */,
				074761FA5D0CE9C1637D69E6 /* lmstudio-usage-live.sse */,
				F79ED3D03B62F97048C24780 /* ollama-context-ps-synthetic.json */,
				C3D062E873B44FE2E2A97E6A /* ollama-usage-synthetic.ndjson */,
				F546E24782D179B1A6BFCD37 /* README.md */,
			);
			path = SessionContext;
			sourceTree = "<group>";
		};
		55DF9AB23BCB05B9FC5D29D4 /* App */ = {
			isa = PBXGroup;
			children = (
				E0B0D6547534ACFAA1181417 /* ApplicationRuntime.swift */,
				F385F4BF5D0886C04DCBC378 /* GlobalHotKey.swift */,
				93644C8336FE627BD3F3F299 /* MacLMAgentApp.swift */,
				19C0373720418992928F49D9 /* MenuBarController.swift */,
				9AE35BD3F9F14AAC825E1ACE /* QuickActionPickerController.swift */,
				92F8D00CE9028A5B3792F7EC /* SceneActions.swift */,
			);
			path = App;
			sourceTree = "<group>";
		};
		89943DEEF6681DC89E50E153 /* Fixtures */ = {
			isa = PBXGroup;
			children = (
				C098644BAC87EF238516C246 /* lmstudio-openai-live-0.4.25.json */,
				0117B7B10390E8A9CEBF2BF1 /* lmstudio-v0-live-0.4.25.json */,
				1C839DEE30EE04BE88444626 /* lmstudio-v0-synthetic.json */,
				25DFA4B18EA7846FC61CB35D /* lmstudio-v1-live-0.4.25.json */,
				2D493AF6764EBC2114DE5BA2 /* lmstudio-v1-synthetic.json */,
				2755DCD83580F8336144E6E2 /* ollama-ps-synthetic.json */,
				E3B4E2903A5C74F659D94A33 /* ollama-show-synthetic.json */,
				B244346F19D3F6FD539F84AA /* ollama-tags-synthetic.json */,
				00596880EC830A98274EF687 /* workspace-v0.4.1.md */,
				5137C257D3117EC2EE3B7FB7 /* workspace-v0.4.1.store */,
				327F6121BE4C2A95EE8E1E7A /* SessionContext */,
			);
			path = Fixtures;
			sourceTree = "<group>";
		};
		A160F2066E1F1D9EFBFCEE37 /* Resources */ = {
			isa = PBXGroup;
			children = (
				235E047B7FFA9063CE38C866 /* Pets */,
			);
			path = Resources;
			sourceTree = "<group>";
		};
		A3357615091EBEF8FA816605 /* Support */ = {
			isa = PBXGroup;
			children = (
				6281F2D35171896FCEB0EAB3 /* RegexValidation.h */,
			);
			path = Support;
			sourceTree = "<group>";
		};
		A4B84E5B1258538F3BB69421 = {
			isa = PBXGroup;
			children = (
				C25C30EEEACAE6E37C9DEE66 /* maclm-agent */,
				B73E6A075621A6844E269AF9 /* maclm-agentTests */,
				C2E87E20807169DEE862D66B /* Frameworks */,
				BA90A36D3B97C552F4C44D9A /* Products */,
			);
			sourceTree = "<group>";
		};
		A78C2CB5A86F9033BF0940F7 /* Pet */ = {
			isa = PBXGroup;
			children = (
				A3F9C91AD4CBB8E71BA32167 /* PetBubbleModel.swift */,
				FB6BFAFA6D53938C4DFD77AD /* PetBubblePanel.swift */,
				6E75FA48D101A76914D2A00A /* PetBubbleView.swift */,
				9D94B163E4F6F504F339A8D6 /* PetController.swift */,
				D7D6C8C109238D93F2ADCA27 /* PetFileAccess.swift */,
				9932C5918944EB1D55ABFDDC /* PetLibrary.swift */,
				FBF78F007C4C4485D688F383 /* PetLoader.swift */,
				C22E34A240B86CDF68586BAC /* PetManifest.swift */,
				A6A782FDABF4C6E0ABE5F9F3 /* PetPanel.swift */,
				F6534FFD253201A037C8ECDE /* PetPosition.swift */,
				696A45402D055BF8573B86B7 /* PetRuntime.swift */,
				EE4AA899A79BDD30534C5BBC /* PetSettingsView.swift */,
				60D25C5FDA38DB2329E7F4D9 /* PetState.swift */,
				2235E93481E9B9EB883C4CA7 /* PetStorageError.swift */,
				C858EF1FABE027FA0BDF18D2 /* PetStore.swift */,
				5949F90EAE07570383CC2C52 /* PetView.swift */,
			);
			path = Pet;
			sourceTree = "<group>";
		};
		B73E6A075621A6844E269AF9 /* maclm-agentTests */ = {
			isa = PBXGroup;
			children = (
				D67D598F8228B583F247D35B /* AuditLogTests.swift */,
				B15433856EDC6CA975D1D26E /* CheckpointLoopTests.swift */,
				899F620FC34AB665DBAB930B /* CheckpointMigrationTests.swift */,
				2740CB12D6FBFF14519915BF /* CheckpointTests.swift */,
				4DC99D12EE79B8787909E6EC /* ClipboardActionDeletionDuringRunTests.swift */,
				4E3478489BC7B59E6914D735 /* ClipboardActionRunnerTests.swift */,
				E09A375F450E01A949AF1CAF /* ClipboardActionStoreTests.swift */,
				48A25DE7221DB9887518A128 /* ClipboardActionTests.swift */,
				8BD2BA157B0D9D2883D13DCB /* ComposerTests.swift */,
				53EE6DAD4705F1077DCD7840 /* DangerousToolTests.swift */,
				399571D76E117021939561D0 /* LegacyContextAdapters.swift */,
				340857EC8D08BC6974E07CB0 /* LegacyPolicyCharacterizationTests.swift */,
				6C8CDD0C4EBC99C3DEE75DCC /* MacLMAgentTests.swift */,
				900CC41233B21B418D24556A /* ModelSettingsTests.swift */,
				5DD9F645395A145B8FD101C5 /* PasteServiceTests.swift */,
				5267F4DFB5893735FE114087 /* PetBubbleNativeTests.swift */,
				6B41F2B2BD4425E9A6A71AA6 /* PetBubbleTests.swift */,
				7455824022603B4B95DBF8A9 /* PetLibraryTests.swift */,
				1D333D752F52D03FA45A626B /* PetLiveSessionTests.swift */,
				0CC555CCF933DF718EE8A99D /* PetLoaderTests.swift */,
				AC33D6EE8CAE65932EFE8187 /* PetNativeEventTests.swift */,
				2EA6D13AD6FCC123FC674510 /* PetPanelTests.swift */,
				CF18A5AEAC0D880F1EEA4929 /* PetResourceTests.swift */,
				89734BC8E6513976A8460E93 /* PetStateTests.swift */,
				54FD552F1BEE7FF9042D3834 /* PetStoreFixture.swift */,
				D13ABB7F2D35AF78398A1C5F /* PetStoreTests.swift */,
				DA6A99809CABE1E56F89F722 /* ProjectPerimeterTests.swift */,
				01A7919CAEB53121634F9073 /* QuickActionPickerModelTests.swift */,
				FFCCB665FEC407510EAAA278 /* RiskLevelTests.swift */,
				329817F610B22EF635ABE304 /* RunTraceTests.swift */,
				9279AAB48A9720B0E564EF6F /* SecurityPolicyTests.swift */,
				E726C38719DC47EF6E82A644 /* SecurityRuleEditorTests.swift */,
				249A3EEF0B4F9A4ECAD9B553 /* SecurityRulePersistenceTests.swift */,
				D0D05AD22163F33DFCF7413E /* SessionContextMigrationTests.swift */,
				FC417D493B2003D8D3C9F01A /* SessionContextTests.swift */,
				0FEB80504F1C6A2CCFDDEC25 /* SessionLoadTests.swift */,
				468894D9A9CE1F5B5A34B943 /* SessionNotificationTests.swift */,
				50F663BF35DBA5A2AAC5D913 /* SessionPermissionsTests.swift */,
				15E2C101327D8B35DBDE8223 /* SessionRegressionTests.swift */,
				D03252BCAAD7CD67428F57B4 /* SessionRunnerTests.swift */,
				DFE0E6EB345F3D7151A8998B /* SettingsAndKeychainTests.swift */,
				9FB9144735F92BBD3A61EDDC /* ShellProcessTests.swift */,
				7C508F8649E5A34F5599F4D9 /* ToolTests.swift */,
				92F8346C91C56E7DA439A234 /* WorkspaceMigrationTests.swift */,
				BEF8A55530D310F048D14BDF /* WorkspaceTests.swift */,
				89943DEEF6681DC89E50E153 /* Fixtures */,
			);
			path = "maclm-agentTests";
			sourceTree = "<group>";
		};
		BA90A36D3B97C552F4C44D9A /* Products */ = {
			isa = PBXGroup;
			children = (
				CDA8F2610510CF65EA77A7ED /* maclm-agent.app */,
				919F859F7CCBDD13F7190289 /* maclm-agentTests.xctest */,
			);
			name = Products;
			sourceTree = "<group>";
		};
		C25C30EEEACAE6E37C9DEE66 /* maclm-agent */ = {
			isa = PBXGroup;
			children = (
				A5023E2DA958DA7F4646AAF5 /* Localizable.xcstrings */,
				55DF9AB23BCB05B9FC5D29D4 /* App */,
				D749ECD0DFD0707430116840 /* Core */,
				CBACBF7CCBDF2426B77355B1 /* LLM */,
				E586733EAD191D400B459995 /* Persistence */,
				A78C2CB5A86F9033BF0940F7 /* Pet */,
				A160F2066E1F1D9EFBFCEE37 /* Resources */,
				F1B48470CB7A8CF669FD470B /* Security */,
				A3357615091EBEF8FA816605 /* Support */,
				D8E101B8277A7CDD8E8AECBE /* Tools */,
				14A715C7AFEA62107DB6B078 /* UI */,
			);
			path = "maclm-agent";
			sourceTree = "<group>";
		};
		C2E87E20807169DEE862D66B /* Frameworks */ = {
			isa = PBXGroup;
			children = (
				388997488919851EE4EF1465 /* Carbon.framework */,
				03385E835E680CDDF7566DED /* Security.framework */,
			);
			name = Frameworks;
			sourceTree = "<group>";
		};
		CBACBF7CCBDF2426B77355B1 /* LLM */ = {
			isa = PBXGroup;
			children = (
				8E227070DA0FE5685CC90F62 /* LLM.swift */,
				620D068C128C9FFFC32B6336 /* LMStudioProvider.swift */,
				EB36C62F087DF9B563EDD289 /* ModelInfo.swift */,
				6BBC58753B7CA69E1D2F38FA /* OllamaNDJSONParser.swift */,
				C046215F215DF0CC1686F1E2 /* OllamaProvider.swift */,
				68B011F71E42B85FCE11DCAC /* ProviderDiscovery.swift */,
				F231B04B4566BB6105DC1EF3 /* SSEParser.swift */,
			);
			path = LLM;
			sourceTree = "<group>";
		};
		D749ECD0DFD0707430116840 /* Core */ = {
			isa = PBXGroup;
			children = (
				4A42314D2A334968F30F0EDD /* AgentLoopEvents.swift */,
				BAE50E7AB714973948F3E0EC /* AppSettings.swift */,
				86BCA32E3F090D0A65B11DED /* AutoTitleService.swift */,
				7E7D928A7CF4B09DF30D6FA8 /* ChatViewModel.swift */,
				69BE55A4C27611B51D2573AD /* ChatViewModel+Storage.swift */,
				B8990D336DD1FD5302D25B64 /* ClipboardAccess.swift */,
				ACFB3F48EBCF00ED30BB396D /* ClipboardActionRunner.swift */,
				333E084E43AB611FFC114851 /* ClipboardActionSeeder.swift */,
				6295D35C74655F1379C531E8 /* ClipboardActionTemplate.swift */,
				706DC256A6ABF272FE181D01 /* ClipboardHotkeyService.swift */,
				603CE4C320E25C721D0B46A9 /* ContextUsage.swift */,
				9BE7398ECA365F5138E806E8 /* Core.swift */,
				F0D6F843353AC35DA999F2CE /* DefaultClipboardActions.swift */,
				0FBB4557D6112F51906006A8 /* FrontmostApplicationService.swift */,
				A25A23370D90320D7E524F8F /* PasteService.swift */,
				92A7AB91B2BE3F44707A2F97 /* ProviderCoordinator.swift */,
				DD468E05FD03A5043CFDAE0B /* QuickActionPickerModel.swift */,
				57F14602E8D742855118E434 /* SessionNotifications.swift */,
				4210CD2CE221823E2B513790 /* SessionRunner.swift */,
				A1B68337BBCC32918FC5D011 /* SessionRunnerPersistence.swift */,
				DA4990A139107B6EAC770FE5 /* SessionRunnerRegistry.swift */,
				62C109D06DC09168F2F10AE0 /* WorkspaceInspection.swift */,
				B0D6E014377C063CC42806C0 /* WorkspaceSupport.swift */,
			);
			path = Core;
			sourceTree = "<group>";
		};
		D8E101B8277A7CDD8E8AECBE /* Tools */ = {
			isa = PBXGroup;
			children = (
				85C908B3755176AE72C5E947 /* DeleteFileTool.swift */,
				1E9505329737F6B909EFA1C7 /* ListDirectoryTool.swift */,
				114BE49C5E20E1D4EA612B30 /* MoveFileTool.swift */,
				A0E1EF7838811397B8E119DB /* ReadFileTool.swift */,
				D14B77D4CFDA3E258F60BBD0 /* RunShellTool.swift */,
				E9936E6A8DD8E2727B4AF0C3 /* SearchFilesTool.swift */,
				37F5F94DD0C6655E0949B69B /* Tools.swift */,
				B218B4009854150B155CF8E9 /* WriteFileTool.swift */,
			);
			path = Tools;
			sourceTree = "<group>";
		};
		E586733EAD191D400B459995 /* Persistence */ = {
			isa = PBXGroup;
			children = (
				39A8F15CCD4A4BE84177CD7D /* AuditEntry.swift */,
				CF774AB249F2AA413AE63452 /* Checkpoint.swift */,
				EBEFFB854A6EDDE79EC2CF95 /* ClipboardAction.swift */,
				270AB5B6193643EDF8B0BE02 /* ClipboardActionStore.swift */,
				B97A3099DCC2211F043E4378 /* Conversation.swift */,
				628C0E0AE27881D1D6ED3CD7 /* KeychainService.swift */,
				BD2A3EE346D287B95D6C981D /* Message.swift */,
				B7D70134980544BF9B4F6E55 /* MessageMapping.swift */,
				126AD51B613FFC9F3B4474C7 /* Project.swift */,
				416B42A72512F88E828F97FE /* SecurityRule.swift */,
				F2C96102770327439C7769C4 /* ToolCall.swift */,
			);
			path = Persistence;
			sourceTree = "<group>";
		};
		F1B48470CB7A8CF669FD470B /* Security */ = {
			isa = PBXGroup;
			children = (
				B87C8C464D73D6BDE12A2532 /* AccessibilityPermissionService.swift */,
				4E23816F6C486AE5CD62A9C6 /* ApplicationProtection.swift */,
				FF7AA82AAB0F3A4662E29571 /* CheckpointFileState.swift */,
				E29222DF1BC309839D6F4F7F /* CheckpointService.swift */,
				C61C94419BF0F26D732FE634 /* CheckpointStore.swift */,
				07973A63835FAA6F1F4B105D /* EndpointClassifier.swift */,
				0ED6B7B2202D6F3EAC5C7189 /* FilePreviewService.swift */,
				7395128DD6A267D5097E2993 /* PathCanonicalizer.swift */,
				88C37C8587FBD88D9D00D3A7 /* PetApprovalPolicy.swift */,
				63A61B8098B517DCF8A97F95 /* RiskLevel.swift */,
				171819761DB744C3E56AA499 /* Security.swift */,
				830CD7A06CA4FFC1BC57455A /* SecurityPolicyEngine.swift */,
				5CC5C9ECF4A156064477B664 /* SecurityRuleEditor.swift */,
				7F9695EE0B91CC1967811265 /* SecurityRuleSeeder.swift */,
				0578B831267E2CAD2F2170AA /* SessionPermissions.swift */,
				5A9F3B73AD15CBD14E25919E /* ToolInvocationContext.swift */,
				9C6567EB104614A78B8B63D5 /* WorkingDirectoryValidator.swift */,
			);
			path = Security;
			sourceTree = "<group>";
		};
/* End PBXGroup section */

/* Begin PBXNativeTarget section */
		9AFAF4E9AAC230AAB081AE6B /* maclm-agentTests */ = {
			isa = PBXNativeTarget;
			buildConfigurationList = 3ECE6AB41519CF34FA77B0ED /* Build configuration list for PBXNativeTarget "maclm-agentTests" */;
			buildPhases = (
				664F0C1867B4E25A878F98AA /* Copy source catalog for localization completeness test */,
				EC4052FA960B1B611322B5D9 /* Sources */,
				199C1BD11328549C508B0C22 /* Resources */,
			);
			buildRules = (
			);
			dependencies = (
				F7D41F82E8EEFCB410C7030B /* PBXTargetDependency */,
			);
			name = "maclm-agentTests";
			packageProductDependencies = (
			);
			productName = "maclm-agentTests";
			productReference = 919F859F7CCBDD13F7190289 /* maclm-agentTests.xctest */;
			productType = "com.apple.product-type.bundle.unit-test";
		};
		EA70B72CD2C779E744290EFF /* maclm-agent */ = {
			isa = PBXNativeTarget;
			buildConfigurationList = 2B054F9D1268238D33041F23 /* Build configuration list for PBXNativeTarget "maclm-agent" */;
			buildPhases = (
				611872DDE5E0F74F5755CE0B /* Sources */,
				0DBEBB510BCD4A042C0EAFD7 /* Resources */,
				BB626F2528DDA66F33B35382 /* Frameworks */,
			);
			buildRules = (
			);
			dependencies = (
			);
			name = "maclm-agent";
			packageProductDependencies = (
			);
			productName = "maclm-agent";
			productReference = CDA8F2610510CF65EA77A7ED /* maclm-agent.app */;
			productType = "com.apple.product-type.application";
		};
/* End PBXNativeTarget section */

/* Begin PBXProject section */
		97921582B814E630D1F1C3C2 /* Project object */ = {
			isa = PBXProject;
			attributes = {
				BuildIndependentTargetsInParallel = YES;
				LastUpgradeCheck = 1600;
				TargetAttributes = {
					EA70B72CD2C779E744290EFF = {
						ProvisioningStyle = Automatic;
					};
				};
			};
			buildConfigurationList = AECE2072A157A9CDC82C2977 /* Build configuration list for PBXProject "maclm-agent" */;
			developmentRegion = en;
			hasScannedForEncodings = 0;
			knownRegions = (
				Base,
				en,
				ru,
			);
			mainGroup = A4B84E5B1258538F3BB69421;
			minimizedProjectReferenceProxies = 1;
			preferredProjectObjectVersion = 77;
			productRefGroup = BA90A36D3B97C552F4C44D9A /* Products */;
			projectDirPath = "";
			projectRoot = "";
			targets = (
				EA70B72CD2C779E744290EFF /* maclm-agent */,
				9AFAF4E9AAC230AAB081AE6B /* maclm-agentTests */,
			);
		};
/* End PBXProject section */

/* Begin PBXResourcesBuildPhase section */
		0DBEBB510BCD4A042C0EAFD7 /* Resources */ = {
			isa = PBXResourcesBuildPhase;
			buildActionMask = 2147483647;
			files = (
				ACFFEA515289924EC8D2E439 /* Localizable.xcstrings in Resources */,
				DD50C50FD67B3A26B2C29310 /* Pets in Resources */,
			);
			runOnlyForDeploymentPostprocessing = 0;
		};
		199C1BD11328549C508B0C22 /* Resources */ = {
			isa = PBXResourcesBuildPhase;
			buildActionMask = 2147483647;
			files = (
				8352C8B11478C482FC7B1EA2 /* README.md in Resources */,
				1075D47F432F8B811080BF21 /* lmstudio-models-live.json in Resources */,
				7507E829B4D7CEC6695578A1 /* lmstudio-openai-live-0.4.25.json in Resources */,
				801463731FD6D922ADFCDEF9 /* lmstudio-usage-live.sse in Resources */,
				7FCA27D6759B7024834758E9 /* lmstudio-v0-live-0.4.25.json in Resources */,
				A8A649A4C1C7865347BE000F /* lmstudio-v0-synthetic.json in Resources */,
				6172C12F6B6BE8E6DB055E74 /* lmstudio-v1-live-0.4.25.json in Resources */,
				28A7C99CCD03763CD40B1B75 /* lmstudio-v1-synthetic.json in Resources */,
				B1BA09306F58667CD6DE7453 /* ollama-context-ps-synthetic.json in Resources */,
				64C749656619891CDC7AE685 /* ollama-ps-synthetic.json in Resources */,
				F55B9A62E818E12009AC98FC /* ollama-show-synthetic.json in Resources */,
				37DEEF80B872CD8FFAA60522 /* ollama-tags-synthetic.json in Resources */,
				268AAD5CCBBA79FF7A91E1F8 /* ollama-usage-synthetic.ndjson in Resources */,
				E7F408252E6E98806A862086 /* workspace-v0.4.1.md in Resources */,
				6FFC256046EA558720A91B1E /* workspace-v0.4.1.store in Resources */,
			);
			runOnlyForDeploymentPostprocessing = 0;
		};
/* End PBXResourcesBuildPhase section */

/* Begin PBXShellScriptBuildPhase section */
		664F0C1867B4E25A878F98AA /* Copy source catalog for localization completeness test */ = {
			isa = PBXShellScriptBuildPhase;
			buildActionMask = 2147483647;
			files = (
			);
			inputFileListPaths = (
			);
			inputPaths = (
				"$(SRCROOT)/maclm-agent/Localizable.xcstrings",
			);
			name = "Copy source catalog for localization completeness test";
			outputFileListPaths = (
			);
			outputPaths = (
				"$(TARGET_BUILD_DIR)/$(UNLOCALIZED_RESOURCES_FOLDER_PATH)/LocalizableCatalog.json",
			);
			runOnlyForDeploymentPostprocessing = 0;
			shellPath = /bin/sh;
			shellScript = "mkdir -p \"${TARGET_BUILD_DIR}/${UNLOCALIZED_RESOURCES_FOLDER_PATH}\"\ncp \"${SRCROOT}/maclm-agent/Localizable.xcstrings\" \"${TARGET_BUILD_DIR}/${UNLOCALIZED_RESOURCES_FOLDER_PATH}/LocalizableCatalog.json\"\n";
		};
/* End PBXShellScriptBuildPhase section */

/* Begin PBXSourcesBuildPhase section */
		611872DDE5E0F74F5755CE0B /* Sources */ = {
			isa = PBXSourcesBuildPhase;
			buildActionMask = 2147483647;
			files = (
				BE88226398EF659C9024FB8E /* AccessibilityPermissionService.swift in Sources */,
				707EA8549A02E38F3AE5BBB3 /* AgentLoopEvents.swift in Sources */,
				3A7E81D537E5BBC514258A44 /* AppSettings.swift in Sources */,
				B0C03532B335A1A33A51DDE6 /* ApplicationProtection.swift in Sources */,
				5D5FA7F0D7F10B5956E89746 /* ApplicationRuntime.swift in Sources */,
				210C68B603CB0C1F45A6BE22 /* AuditEntry.swift in Sources */,
				B0AB9485F39FC42A17ACB277 /* AuditLogView.swift in Sources */,
				DFFE3905F2D5A8FB5FAF2256 /* AutoTitleService.swift in Sources */,
				B7BD18EDE8251146330C5D7B /* ChatView.swift in Sources */,
				3D06CB20F1B2881D2D1FE0AB /* ChatViewModel+Storage.swift in Sources */,
				46FD7E639CF55D3CAAA97694 /* ChatViewModel.swift in Sources */,
				5D5B04FA39DE8FE74C9F8664 /* Checkpoint.swift in Sources */,
				DAC177FA5753C816189DACD7 /* CheckpointFileState.swift in Sources */,
				C6B5872178E08FCB204A3708 /* CheckpointService.swift in Sources */,
				529D16D51EF7C9F16D079594 /* CheckpointStore.swift in Sources */,
				736795734890B8E2A226F9F5 /* CheckpointViews.swift in Sources */,
				F715A14AEA723FB125DEC683 /* ClipboardAccess.swift in Sources */,
				57ABB2AD2CABC5B5E0D9E2D6 /* ClipboardAction.swift in Sources */,
				C8AD5200649ECB6CF9F5F368 /* ClipboardActionEditorModels.swift in Sources */,
				8DD02FD87788477A80585BBD /* ClipboardActionEditorView.swift in Sources */,
				B7EB5536DFDB9440A44713E0 /* ClipboardActionRunner.swift in Sources */,
				0FB21F1A342772E15E2F83D8 /* ClipboardActionSeeder.swift in Sources */,
				98F380F92E23DBA827E19BD2 /* ClipboardActionStore.swift in Sources */,
				1CA5D7E86C7974E16745AE70 /* ClipboardActionTemplate.swift in Sources */,
				9849954988154EEA7048C17B /* ClipboardActionsSettingsView.swift in Sources */,
				9EA847F23C9CC7BCC3D47D58 /* ClipboardHotkeyService.swift in Sources */,
				CB61B9970F3FFD8ED6BBEFBD /* ComposerView.swift in Sources */,
				5ED7B1E478F2AF9F749B6754 /* ConfirmationCard.swift in Sources */,
				851D2F950E122E15EB5BCF5B /* ContextUsage.swift in Sources */,
				12AC6568B7BE46C21357FD62 /* Conversation.swift in Sources */,
				3C06D6B52570FFC14F0A603F /* ConversationListView.swift in Sources */,
				138274F242431F46D9EC58BC /* Core.swift in Sources */,
				140A8A215CD1EEB0AD2E54B3 /* DefaultClipboardActions.swift in Sources */,
				679FFE74EB7C0310E64B88CE /* DeleteFileTool.swift in Sources */,
				B576DDEFCE53E2F2423F4073 /* EndpointClassifier.swift in Sources */,
				AFE8EE6E10B150AE925BBAE5 /* FilePreviewService.swift in Sources */,
				7325881864476BE8705AFF84 /* FrontmostApplicationService.swift in Sources */,
				D4DE0EBADF9FE06EAF41E4AA /* GlobalHotKey.swift in Sources */,
				68F15CFB5D62C47694DA7844 /* InterfaceLocalization.swift in Sources */,
				44F880C8272BAE2B0725D44F /* KeychainService.swift in Sources */,
				6F60B04E7ADF497A05B2A9E6 /* LLM.swift in Sources */,
				3183C907BBD4A99B13E5860E /* LMStudioProvider.swift in Sources */,
				F043622DF908AD59DAC0AFD3 /* ListDirectoryTool.swift in Sources */,
				6817FAC2C12373063F0B5847 /* MacLMAgentApp.swift in Sources */,
				B3D07CAB2455A6087547D682 /* MainWindowView.swift in Sources */,
				BE85E3BE7C17B219EA5655BC /* MenuBarContentView.swift in Sources */,
				3A2315D8420B21073E77E050 /* MenuBarController.swift in Sources */,
				B21AEBEBCBAF4068D72D1679 /* Message.swift in Sources */,
				3C5D3117BD832A5CD671A136 /* MessageMapping.swift in Sources */,
				A55DB558B76C82AA3C6ABEFC /* ModelInfo.swift in Sources */,
				AAE87B1298940E3657B6AFFC /* MoveFileTool.swift in Sources */,
				C609D261A9FF69EBF5B398DA /* OllamaNDJSONParser.swift in Sources */,
				176817B1CC643E75A47277CF /* OllamaProvider.swift in Sources */,
				BC934848CEBFF5701700B3D9 /* PasteService.swift in Sources */,
				28EC3D897E9E7F87052FB06C /* PathCanonicalizer.swift in Sources */,
				AA6C9B9BAA1D74D4A52DC711 /* PetApprovalPolicy.swift in Sources */,
				B504DFB259788E4F62C91E31 /* PetBubbleModel.swift in Sources */,
				D7AFF3C8F6AB6A7DEF38E920 /* PetBubblePanel.swift in Sources */,
				771B40F2F3F8AB63D52B43AF /* PetBubbleView.swift in Sources */,
				ECC4F36BAB01A5D109F2D678 /* PetController.swift in Sources */,
				74F4064A06AA7B6884C1760B /* PetFileAccess.swift in Sources */,
				72A9DEE6528AF7D382AEF28A /* PetLibrary.swift in Sources */,
				ED9C594FA1205823147CFF99 /* PetLoader.swift in Sources */,
				536B4F3AD95CA90FEA99E2C4 /* PetManifest.swift in Sources */,
				21FED33A2C81E12660D24527 /* PetPanel.swift in Sources */,
				D30A7C993D239CDA26AA20A2 /* PetPosition.swift in Sources */,
				95FC22A8E06C02A85019813F /* PetRuntime.swift in Sources */,
				6B80954B2EBBAC1E24DD28BF /* PetSettingsView.swift in Sources */,
				01902FA044868C6DFC92B9F7 /* PetState.swift in Sources */,
				E55E2A20D3895F391E528579 /* PetStorageError.swift in Sources */,
				FFC1FAF494122995D72CCBF0 /* PetStore.swift in Sources */,
				4FD38E1EE48DA6D36FBB4FAE /* PetView.swift in Sources */,
				8DF8647AEDF3BC5B69F5184F /* Project.swift in Sources */,
				0FE3C9C702932FE6310189A9 /* ProjectEditorView.swift in Sources */,
				6A982E8440A3122D91552129 /* ProviderCoordinator.swift in Sources */,
				A5EE8B4368EB065F03A68BA2 /* ProviderDiscovery.swift in Sources */,
				F3FEB9EDA77A4A0F318F1307 /* ProviderSettingsView.swift in Sources */,
				C7B56948610A455ED2DE9F3C /* QuickActionPickerController.swift in Sources */,
				380A8E20DE22CD6332F37B83 /* QuickActionPickerModel.swift in Sources */,
				51CEEF8BD4959870F557CE62 /* QuickActionPickerView.swift in Sources */,
				6950722B70EFD7EA0714D8C9 /* ReadFileTool.swift in Sources */,
				D633AFFA3C955C4E50115461 /* RiskLevel.swift in Sources */,
				B16BD1CC511C60DD2450E786 /* RunShellTool.swift in Sources */,
				A72C4B6480D2C8AB79679AB4 /* RunTrace.swift in Sources */,
				BB404ACE35CB608374D18853 /* RunTraceView.swift in Sources */,
				2D67060156F6DFB6F4D3D213 /* SSEParser.swift in Sources */,
				E63A764A0C8B3A38DD60FC37 /* SceneActions.swift in Sources */,
				DE75A0B1D7D6AE027D826951 /* SearchFilesTool.swift in Sources */,
				58E9F2D5AEC5478BF5F64E16 /* Security.swift in Sources */,
				BD912000DA6B5A40275797C6 /* SecurityPolicyEngine.swift in Sources */,
				FF907C7D963BCDC146D683A0 /* SecurityRule.swift in Sources */,
				7FBD47A610127685B4BBA219 /* SecurityRuleEditor.swift in Sources */,
				F64D934202DFB8B560DCFAC9 /* SecurityRuleSeeder.swift in Sources */,
				FCCF152CF95DE00AD7D79E22 /* SecurityRulesSettingsView.swift in Sources */,
				33E966F962F7BB41A309B2CE /* SecuritySettingsView.swift in Sources */,
				B725BEFBC21CB6EC2AF68DEB /* SessionNotifications.swift in Sources */,
				F1AB0B922D35532014AA515B /* SessionPermissions.swift in Sources */,
				BD767B7CA8D9B445270150CC /* SessionRunner.swift in Sources */,
				5A4FA222EC318F2A79479053 /* SessionRunnerPersistence.swift in Sources */,
				FEEF1B074D8B8C97DDF4FB56 /* SessionRunnerRegistry.swift in Sources */,
				A95A7A3DFD60902F9FD81BBA /* SettingsView.swift in Sources */,
				384F5E913BAC76779908249D /* ShortcutRecorder.swift in Sources */,
				C788174A08732C4A7BB570E4 /* ToolCall.swift in Sources */,
				71BC198CAF60C144414AC111 /* ToolCallCard.swift in Sources */,
				88A8775576343F7E70917501 /* ToolInvocationContext.swift in Sources */,
				7D58DF163D482818E25D28E9 /* Tools.swift in Sources */,
				E2F3044688131758900D1977 /* WorkingDirectoryValidator.swift in Sources */,
				7EC454B3D290F387AB3771A3 /* WorkspaceInspection.swift in Sources */,
				02DFB112BE3B04A6F97D4A7C /* WorkspaceInspectorView.swift in Sources */,
				6AAFED7D431754C2AF42587C /* WorkspaceSupport.swift in Sources */,
				C264F48BDA802C5089481EBA /* WriteFileTool.swift in Sources */,
			);
			runOnlyForDeploymentPostprocessing = 0;
		};
		EC4052FA960B1B611322B5D9 /* Sources */ = {
			isa = PBXSourcesBuildPhase;
			buildActionMask = 2147483647;
			files = (
				4C259176EF253EED82BBDDB5 /* AuditLogTests.swift in Sources */,
				CD5AAF9FFF8A0BF33F994C00 /* CheckpointLoopTests.swift in Sources */,
				0129DDE3FF4C180DCB6E6EB3 /* CheckpointMigrationTests.swift in Sources */,
				85B11984B90E7F00F17A7655 /* CheckpointTests.swift in Sources */,
				FCA5D0CD98AE97364ED04986 /* ClipboardActionDeletionDuringRunTests.swift in Sources */,
				2321AA8C8DF215DD4899D491 /* ClipboardActionRunnerTests.swift in Sources */,
				8817296B29666CA89281C143 /* ClipboardActionStoreTests.swift in Sources */,
				9913B2B13479E1ADA91E5972 /* ClipboardActionTests.swift in Sources */,
				25A2E141AA63B5DE9E694958 /* ComposerTests.swift in Sources */,
				F499C7CE035D9C25D609421F /* DangerousToolTests.swift in Sources */,
				6808C1FD47875AF0491663A7 /* LegacyContextAdapters.swift in Sources */,
				A1A54C638C04C5F2D7D16DC8 /* LegacyPolicyCharacterizationTests.swift in Sources */,
				41F8A003E2E8B428D0D9168B /* MacLMAgentTests.swift in Sources */,
				8FDAC9B442164981522826AA /* ModelSettingsTests.swift in Sources */,
				56F8C3B8491D024120758649 /* PasteServiceTests.swift in Sources */,
				B1D24B9CF757F896C6C080EF /* PetBubbleNativeTests.swift in Sources */,
				E77318DAE75DEAE65BD00945 /* PetBubbleTests.swift in Sources */,
				11F15404E3629292CD7D8EC9 /* PetLibraryTests.swift in Sources */,
				660CA1296B8FE7C1EC8EE373 /* PetLiveSessionTests.swift in Sources */,
				2B995A07037D9F8E56B8B27B /* PetLoaderTests.swift in Sources */,
				1647280BA16ABCDB126AF138 /* PetNativeEventTests.swift in Sources */,
				6F358D85215661B94BDA4E5D /* PetPanelTests.swift in Sources */,
				230E20EF807A37BDE3BB448F /* PetResourceTests.swift in Sources */,
				2CBA0A8C1F00B433B49F0D66 /* PetStateTests.swift in Sources */,
				3746B409D4ACB6954708B7C3 /* PetStoreFixture.swift in Sources */,
				9ADD729D36E8F0DD0A74221A /* PetStoreTests.swift in Sources */,
				6F619BF71C8A918214053878 /* ProjectPerimeterTests.swift in Sources */,
				783A07715767FD44CD394FE0 /* QuickActionPickerModelTests.swift in Sources */,
				AA55B76FDCFB6D8B747C3078 /* RiskLevelTests.swift in Sources */,
				9AC1658D393CF5CD25B77E38 /* RunTraceTests.swift in Sources */,
				DEDCC58986C9F510B0566843 /* SecurityPolicyTests.swift in Sources */,
				9CF326B3C577A9805755C3C6 /* SecurityRuleEditorTests.swift in Sources */,
				D5926BFC827EDA0EA06899CC /* SecurityRulePersistenceTests.swift in Sources */,
				E488DFBC28F1AEACBEEC58F9 /* SessionContextMigrationTests.swift in Sources */,
				96D9DB0BF0EDD5F6656B26F2 /* SessionContextTests.swift in Sources */,
				C91B6A5C29CFB9868EAABC20 /* SessionLoadTests.swift in Sources */,
				D516FD89933DE7B039CB0FF5 /* SessionNotificationTests.swift in Sources */,
				12840EBC2E8214A33FEEA439 /* SessionPermissionsTests.swift in Sources */,
				3E62146883B1CFA0116BDC8D /* SessionRegressionTests.swift in Sources */,
				2841FA7BC35B11E41E9A7BD8 /* SessionRunnerTests.swift in Sources */,
				FABA11777CBDC7880A0A9346 /* SettingsAndKeychainTests.swift in Sources */,
				E65B2C98E31DEF61232617F9 /* ShellProcessTests.swift in Sources */,
				4CDE003C80F81E2CA4706DC4 /* ToolTests.swift in Sources */,
				EB76B0C4D52E87885303D5F9 /* WorkspaceMigrationTests.swift in Sources */,
				BF542FF2B1374446B72C11CC /* WorkspaceTests.swift in Sources */,
			);
			runOnlyForDeploymentPostprocessing = 0;
		};
/* End PBXSourcesBuildPhase section */

/* Begin PBXTargetDependency section */
		F7D41F82E8EEFCB410C7030B /* PBXTargetDependency */ = {
			isa = PBXTargetDependency;
			target = EA70B72CD2C779E744290EFF /* maclm-agent */;
			targetProxy = D29BBED474FC2C47E0D0E780 /* PBXContainerItemProxy */;
		};
/* End PBXTargetDependency section */

/* Begin XCBuildConfiguration section */
		4285AE8180601C8E50612844 /* Release */ = {
			isa = XCBuildConfiguration;
			buildSettings = {
				BUNDLE_LOADER = "$(TEST_HOST)";
				COMBINE_HIDPI_IMAGES = YES;
				GENERATE_INFOPLIST_FILE = YES;
				LD_RUNPATH_SEARCH_PATHS = (
					"$(inherited)",
					"@executable_path/../Frameworks",
					"@loader_path/../Frameworks",
				);
				PRODUCT_BUNDLE_IDENTIFIER = "local.maclm-agentTests";
				SDKROOT = macosx;
				SWIFT_VERSION = 6.0;
				TEST_HOST = "$(BUILT_PRODUCTS_DIR)/maclm-agent.app/Contents/MacOS/maclm-agent";
			};
			name = Release;
		};
		692684D8AE0036EA386BC9B5 /* Release */ = {
			isa = XCBuildConfiguration;
			buildSettings = {
				ALWAYS_SEARCH_USER_PATHS = NO;
				ARCHS = arm64;
				CLANG_ANALYZER_NONNULL = YES;
				CLANG_ANALYZER_NUMBER_OBJECT_CONVERSION = YES_AGGRESSIVE;
				CLANG_CXX_LANGUAGE_STANDARD = "gnu++14";
				CLANG_CXX_LIBRARY = "libc++";
				CLANG_ENABLE_MODULES = YES;
				CLANG_ENABLE_OBJC_ARC = YES;
				CLANG_ENABLE_OBJC_WEAK = YES;
				CLANG_WARN_BLOCK_CAPTURE_AUTORELEASING = YES;
				CLANG_WARN_BOOL_CONVERSION = YES;
				CLANG_WARN_COMMA = YES;
				CLANG_WARN_CONSTANT_CONVERSION = YES;
				CLANG_WARN_DEPRECATED_OBJC_IMPLEMENTATIONS = YES;
				CLANG_WARN_DIRECT_OBJC_ISA_USAGE = YES_ERROR;
				CLANG_WARN_DOCUMENTATION_COMMENTS = YES;
				CLANG_WARN_EMPTY_BODY = YES;
				CLANG_WARN_ENUM_CONVERSION = YES;
				CLANG_WARN_INFINITE_RECURSION = YES;
				CLANG_WARN_INT_CONVERSION = YES;
				CLANG_WARN_NON_LITERAL_NULL_CONVERSION = YES;
				CLANG_WARN_OBJC_IMPLICIT_RETAIN_SELF = YES;
				CLANG_WARN_OBJC_LITERAL_CONVERSION = YES;
				CLANG_WARN_OBJC_ROOT_CLASS = YES_ERROR;
				CLANG_WARN_QUOTED_INCLUDE_IN_FRAMEWORK_HEADER = YES;
				CLANG_WARN_RANGE_LOOP_ANALYSIS = YES;
				CLANG_WARN_STRICT_PROTOTYPES = YES;
				CLANG_WARN_SUSPICIOUS_MOVE = YES;
				CLANG_WARN_UNGUARDED_AVAILABILITY = YES_AGGRESSIVE;
				CLANG_WARN_UNREACHABLE_CODE = YES;
				CLANG_WARN__DUPLICATE_METHOD_MATCH = YES;
				COPY_PHASE_STRIP = NO;
				DEBUG_INFORMATION_FORMAT = "dwarf-with-dsym";
				ENABLE_NS_ASSERTIONS = NO;
				ENABLE_STRICT_OBJC_MSGSEND = YES;
				GCC_C_LANGUAGE_STANDARD = gnu11;
				GCC_NO_COMMON_BLOCKS = YES;
				GCC_WARN_64_TO_32_BIT_CONVERSION = YES;
				GCC_WARN_ABOUT_RETURN_TYPE = YES_ERROR;
				GCC_WARN_UNDECLARED_SELECTOR = YES;
				GCC_WARN_UNINITIALIZED_AUTOS = YES_AGGRESSIVE;
				GCC_WARN_UNUSED_FUNCTION = YES;
				GCC_WARN_UNUSED_VARIABLE = YES;
				MACOSX_DEPLOYMENT_TARGET = 15.0;
				MTL_ENABLE_DEBUG_INFO = NO;
				MTL_FAST_MATH = YES;
				PRODUCT_NAME = "$(TARGET_NAME)";
				SDKROOT = macosx;
				SWIFT_COMPILATION_MODE = wholemodule;
				SWIFT_OPTIMIZATION_LEVEL = "-O";
				SWIFT_VERSION = 6.0;
			};
			name = Release;
		};
		6A67565428350D850E01548C /* Release */ = {
			isa = XCBuildConfiguration;
			buildSettings = {
				ASSETCATALOG_COMPILER_APPICON_NAME = AppIcon;
				CODE_SIGN_STYLE = Automatic;
				COMBINE_HIDPI_IMAGES = YES;
				CURRENT_PROJECT_VERSION = 1;
				ENABLE_APP_SANDBOX = NO;
				ENABLE_HARDENED_RUNTIME = YES;
				GENERATE_INFOPLIST_FILE = YES;
				INFOPLIST_KEY_LSApplicationCategoryType = "public.app-category.productivity";
				LD_RUNPATH_SEARCH_PATHS = (
					"$(inherited)",
					"@executable_path/../Frameworks",
				);
				MARKETING_VERSION = 0.4.10;
				OTHER_LDFLAGS = "$(inherited) -licucore";
				PRODUCT_BUNDLE_IDENTIFIER = "local.maclm-agent";
				PRODUCT_NAME = "maclm-agent";
				SDKROOT = macosx;
				SWIFT_EMIT_LOC_STRINGS = YES;
				SWIFT_OBJC_BRIDGING_HEADER = "maclm-agent/Support/RegexValidation.h";
			};
			name = Release;
		};
		BE60DA13DA3CB4EA432B8762 /* Debug */ = {
			isa = XCBuildConfiguration;
			buildSettings = {
				ASSETCATALOG_COMPILER_APPICON_NAME = AppIcon;
				CODE_SIGN_STYLE = Automatic;
				COMBINE_HIDPI_IMAGES = YES;
				CURRENT_PROJECT_VERSION = 1;
				ENABLE_APP_SANDBOX = NO;
				ENABLE_HARDENED_RUNTIME = YES;
				GENERATE_INFOPLIST_FILE = YES;
				INFOPLIST_KEY_LSApplicationCategoryType = "public.app-category.productivity";
				LD_RUNPATH_SEARCH_PATHS = (
					"$(inherited)",
					"@executable_path/../Frameworks",
				);
				MARKETING_VERSION = 0.4.10;
				OTHER_LDFLAGS = "$(inherited) -licucore";
				PRODUCT_BUNDLE_IDENTIFIER = "local.maclm-agent";
				PRODUCT_NAME = "maclm-agent";
				SDKROOT = macosx;
				SWIFT_EMIT_LOC_STRINGS = YES;
				SWIFT_OBJC_BRIDGING_HEADER = "maclm-agent/Support/RegexValidation.h";
			};
			name = Debug;
		};
		CEFB6042D78A64AA0F078E0D /* Debug */ = {
			isa = XCBuildConfiguration;
			buildSettings = {
				ALWAYS_SEARCH_USER_PATHS = NO;
				ARCHS = arm64;
				CLANG_ANALYZER_NONNULL = YES;
				CLANG_ANALYZER_NUMBER_OBJECT_CONVERSION = YES_AGGRESSIVE;
				CLANG_CXX_LANGUAGE_STANDARD = "gnu++14";
				CLANG_CXX_LIBRARY = "libc++";
				CLANG_ENABLE_MODULES = YES;
				CLANG_ENABLE_OBJC_ARC = YES;
				CLANG_ENABLE_OBJC_WEAK = YES;
				CLANG_WARN_BLOCK_CAPTURE_AUTORELEASING = YES;
				CLANG_WARN_BOOL_CONVERSION = YES;
				CLANG_WARN_COMMA = YES;
				CLANG_WARN_CONSTANT_CONVERSION = YES;
				CLANG_WARN_DEPRECATED_OBJC_IMPLEMENTATIONS = YES;
				CLANG_WARN_DIRECT_OBJC_ISA_USAGE = YES_ERROR;
				CLANG_WARN_DOCUMENTATION_COMMENTS = YES;
				CLANG_WARN_EMPTY_BODY = YES;
				CLANG_WARN_ENUM_CONVERSION = YES;
				CLANG_WARN_INFINITE_RECURSION = YES;
				CLANG_WARN_INT_CONVERSION = YES;
				CLANG_WARN_NON_LITERAL_NULL_CONVERSION = YES;
				CLANG_WARN_OBJC_IMPLICIT_RETAIN_SELF = YES;
				CLANG_WARN_OBJC_LITERAL_CONVERSION = YES;
				CLANG_WARN_OBJC_ROOT_CLASS = YES_ERROR;
				CLANG_WARN_QUOTED_INCLUDE_IN_FRAMEWORK_HEADER = YES;
				CLANG_WARN_RANGE_LOOP_ANALYSIS = YES;
				CLANG_WARN_STRICT_PROTOTYPES = YES;
				CLANG_WARN_SUSPICIOUS_MOVE = YES;
				CLANG_WARN_UNGUARDED_AVAILABILITY = YES_AGGRESSIVE;
				CLANG_WARN_UNREACHABLE_CODE = YES;
				CLANG_WARN__DUPLICATE_METHOD_MATCH = YES;
				COPY_PHASE_STRIP = NO;
				DEBUG_INFORMATION_FORMAT = dwarf;
				ENABLE_STRICT_OBJC_MSGSEND = YES;
				ENABLE_TESTABILITY = YES;
				GCC_C_LANGUAGE_STANDARD = gnu11;
				GCC_DYNAMIC_NO_PIC = NO;
				GCC_NO_COMMON_BLOCKS = YES;
				GCC_OPTIMIZATION_LEVEL = 0;
				GCC_PREPROCESSOR_DEFINITIONS = (
					"$(inherited)",
					"DEBUG=1",
				);
				GCC_WARN_64_TO_32_BIT_CONVERSION = YES;
				GCC_WARN_ABOUT_RETURN_TYPE = YES_ERROR;
				GCC_WARN_UNDECLARED_SELECTOR = YES;
				GCC_WARN_UNINITIALIZED_AUTOS = YES_AGGRESSIVE;
				GCC_WARN_UNUSED_FUNCTION = YES;
				GCC_WARN_UNUSED_VARIABLE = YES;
				MACOSX_DEPLOYMENT_TARGET = 15.0;
				MTL_ENABLE_DEBUG_INFO = INCLUDE_SOURCE;
				MTL_FAST_MATH = YES;
				ONLY_ACTIVE_ARCH = YES;
				PRODUCT_NAME = "$(TARGET_NAME)";
				SDKROOT = macosx;
				SWIFT_ACTIVE_COMPILATION_CONDITIONS = DEBUG;
				SWIFT_OPTIMIZATION_LEVEL = "-Onone";
				SWIFT_VERSION = 6.0;
			};
			name = Debug;
		};
		F35F48FD96176599A4E35768 /* Debug */ = {
			isa = XCBuildConfiguration;
			buildSettings = {
				BUNDLE_LOADER = "$(TEST_HOST)";
				COMBINE_HIDPI_IMAGES = YES;
				GENERATE_INFOPLIST_FILE = YES;
				LD_RUNPATH_SEARCH_PATHS = (
					"$(inherited)",
					"@executable_path/../Frameworks",
					"@loader_path/../Frameworks",
				);
				PRODUCT_BUNDLE_IDENTIFIER = "local.maclm-agentTests";
				SDKROOT = macosx;
				SWIFT_VERSION = 6.0;
				TEST_HOST = "$(BUILT_PRODUCTS_DIR)/maclm-agent.app/Contents/MacOS/maclm-agent";
			};
			name = Debug;
		};
/* End XCBuildConfiguration section */

/* Begin XCConfigurationList section */
		2B054F9D1268238D33041F23 /* Build configuration list for PBXNativeTarget "maclm-agent" */ = {
			isa = XCConfigurationList;
			buildConfigurations = (
				BE60DA13DA3CB4EA432B8762 /* Debug */,
				6A67565428350D850E01548C /* Release */,
			);
			defaultConfigurationIsVisible = 0;
			defaultConfigurationName = Debug;
		};
		3ECE6AB41519CF34FA77B0ED /* Build configuration list for PBXNativeTarget "maclm-agentTests" */ = {
			isa = XCConfigurationList;
			buildConfigurations = (
				F35F48FD96176599A4E35768 /* Debug */,
				4285AE8180601C8E50612844 /* Release */,
			);
			defaultConfigurationIsVisible = 0;
			defaultConfigurationName = Debug;
		};
		AECE2072A157A9CDC82C2977 /* Build configuration list for PBXProject "maclm-agent" */ = {
			isa = XCConfigurationList;
			buildConfigurations = (
				CEFB6042D78A64AA0F078E0D /* Debug */,
				692684D8AE0036EA386BC9B5 /* Release */,
			);
			defaultConfigurationIsVisible = 0;
			defaultConfigurationName = Debug;
		};
/* End XCConfigurationList section */
	};
	rootObject = 97921582B814E630D1F1C3C2 /* Project object */;
}
